
Microsoft Visual Studio Solution File, Format Version 12.00
# Visual Studio Version 17
VisualStudioVersion = 17.4.33213.308
MinimumVisualStudioVersion = 10.0.40219.1
Project("{2150E333-8FDC-42A3-9474-1A3956D46DE8}") = "Engine", "Engine", "{51E4C3C3-B8B9-4DDF-9C03-2E5789A607C7}"
EndProject
Project("{2150E333-8FDC-42A3-9474-1A3956D46DE8}") = "Framework", "Framework", "{565AA442-336C-4CE9-9BFF-95D18EFC77C8}"
EndProject
Project("{2150E333-8FDC-42A3-9474-1A3956D46DE8}") = "VSProps", "VSProps", "{881829A6-33A5-4B9A-854C-1EFC53FE3FF8}"
	ProjectSection(SolutionItems) = preProject
		VSProps\EngineLib.props = VSProps\EngineLib.props
		VSProps\FrameworkLib.props = VSProps\FrameworkLib.props
		VSProps\TEngine.props = VSProps\TEngine.props
	EndProjectSection
EndProject
Project("{2150E333-8FDC-42A3-9474-1A3956D46DE8}") = "Common", "Common", "{2A31C51B-68BD-4408-A0E8-9F5AFB77F227}"
	ProjectSection(SolutionItems) = preProject
		VSProps\Common\Common.props = VSProps\Common\Common.props
		VSProps\Common\Library.props = VSProps\Common\Library.props
	EndProjectSection
EndProject
Project("{8BC9CEB8-8B4A-11D0-8D11-00A0C91BC942}") = "TEngine", "Engine\TEngine\TEngine.vcxproj", "{FCEB8285-08F9-48A6-A185-839D890CD801}"
EndProject
Project("{8BC9CEB8-8B4A-11D0-8D11-00A0C91BC942}") = "Core", "Framework\Core\Core.vcxproj", "{59201557-9D7E-434F-BCE0-6BA9DD8C50BB}"
EndProject
Project("{2150E333-8FDC-42A3-9474-1A3956D46DE8}") = "VGP242", "VGP242", "{F2F10162-26CE-4F43-84CF-DD81C2348AEC}"
EndProject
Project("{8BC9CEB8-8B4A-11D0-8D11-00A0C91BC942}") = "01_HelloWindow", "VGP242\01_HelloWindow\01_HelloWindow.vcxproj", "{14C387BF-B9CB-496F-955B-9C1B7881DF1F}"
EndProject
Project("{8BC9CEB8-8B4A-11D0-8D11-00A0C91BC942}") = "Math", "Framework\Math\Math.vcxproj", "{21164DA1-0534-48B3-9001-D54E79B0FA81}"
EndProject
Project("{8BC9CEB8-8B4A-11D0-8D11-00A0C91BC942}") = "Graphics", "Framework\Graphics\Graphics.vcxproj", "{08C66A15-6096-4B85-A3F1-22771578F68C}"
EndProject
Project("{2150E333-8FDC-42A3-9474-1A3956D46DE8}") = "External", "External", "{8B8D3985-83A1-4CC3-BCF6-0B45CE8F8FA6}"
EndProject
Project("{8BC9CEB8-8B4A-11D0-8D11-00A0C91BC942}") = "DirectXTK_Desktop_2019", "External\DirectXTK\DirectXTK_Desktop_2019.vcxproj", "{E0B52AE7-E160-4D32-BF3F-910B785E5A8E}"
EndProject
Project("{8BC9CEB8-8B4A-11D0-8D11-00A0C91BC942}") = "02_HelloShape", "VGP242\02_HelloShape\02_HelloShape.vcxproj", "{41E47548-F0AF-4F7F-A2B6-8223DADAD51B}"
EndProject
Project("{8BC9CEB8-8B4A-11D0-8D11-00A0C91BC942}") = "Input", "Framework\Input\Input.vcxproj", "{3629F01A-6FED-42EB-B308-E9F7F1346EAF}"
EndProject
Project("{2150E333-8FDC-42A3-9474-1A3956D46DE8}") = "Assets", "Assets", "{96A8100A-9392-4B14-A8FC-98695208229E}"
EndProject
Project("{8BC9CEB8-8B4A-11D0-8D11-00A0C91BC942}") = "03_HelloCube", "VGP242\03_HelloCube\03_HelloCube.vcxproj", "{1898EDC1-A238-42F1-8089-CB5613881C97}"
EndProject
Project("{2150E333-8FDC-42A3-9474-1A3956D46DE8}") = "Shaders", "Shaders", "{50E71F3D-9DB9-4F32-A510-D60781986911}"
	ProjectSection(SolutionItems) = preProject
		Assets\Shaders\CelEffect.fx = Assets\Shaders\CelEffect.fx
		Assets\Shaders\DoSomething.fx = Assets\Shaders\DoSomething.fx
		Assets\Shaders\DoTexturing.fx = Assets\Shaders\DoTexturing.fx
		Assets\Shaders\DoTransform.fx = Assets\Shaders\DoTransform.fx
		Assets\Shaders\GaussianBlur.fx = Assets\Shaders\GaussianBlur.fx
		Assets\Shaders\Particle.fx = Assets\Shaders\Particle.fx
		Assets\Shaders\PostProcessing.fx = Assets\Shaders\PostProcessing.fx
		Assets\Shaders\Shadow.fx = Assets\Shaders\Shadow.fx
		Assets\Shaders\Standard.fx = Assets\Shaders\Standard.fx
		Assets\Shaders\Terrain.fx = Assets\Shaders\Terrain.fx
	EndProjectSection
EndProject
Project("{8BC9CEB8-8B4A-11D0-8D11-00A0C91BC942}") = "04_HelloMeshBuilder", "VGP242\04_HelloMeshBuilder\04_HelloMeshBuilder.vcxproj", "{8CCC0BC5-7FDD-4EAC-91A9-D76A4012293B}"
EndProject
Project("{8BC9CEB8-8B4A-11D0-8D11-00A0C91BC942}") = "05_HelloSimpleDraw", "VGP242\05_HelloSimpleDraw\05_HelloSimpleDraw.vcxproj", "{9E4CFF3A-289F-41DF-8256-3C58D6508098}"
EndProject
Project("{8BC9CEB8-8B4A-11D0-8D11-00A0C91BC942}") = "ImGui", "External\ImGui\ImGui.vcxproj", "{52D656A2-A2F4-4C54-A3C7-653427BED1E8}"
EndProject
Project("{8BC9CEB8-8B4A-11D0-8D11-00A0C91BC942}") = "06_HelloImGui", "VGP242\06_HelloImGui\06_HelloImGui.vcxproj", "{C6C2A385-5518-46CB-893E-BDE5EB40B900}"
EndProject
Project("{8BC9CEB8-8B4A-11D0-8D11-00A0C91BC942}") = "Final_SolarSystem", "VGP242\Final_SolarSystem\Final_SolarSystem.vcxproj", "{C8EBC13F-732D-49B1-AF3A-88D5A4F0B809}"
EndProject
Project("{8BC9CEB8-8B4A-11D0-8D11-00A0C91BC942}") = "07_HelloRenderTarget", "VGP242\07_HelloRenderTarget\07_HelloRenderTarget.vcxproj", "{8F0B1D9E-108F-4419-8E77-6D73737DF4A4}"
EndProject
Project("{2150E333-8FDC-42A3-9474-1A3956D46DE8}") = "VGP330", "VGP330", "{90F09B85-3BB2-488B-8DFA-127259E7FA88}"
EndProject
Project("{8BC9CEB8-8B4A-11D0-8D11-00A0C91BC942}") = "08_HelloLighting", "VGP330\08_HelloLighting\08_HelloLighting.vcxproj", "{94DFA4A6-3F79-4256-B80E-4498FE772923}"
EndProject
Project("{8BC9CEB8-8B4A-11D0-8D11-00A0C91BC942}") = "09_HelloCel", "VGP330\09_HelloCel\09_HelloCel.vcxproj", "{E1710A50-FCBE-49A2-9F96-047DA3BACE2E}"
EndProject
Project("{2150E333-8FDC-42A3-9474-1A3956D46DE8}") = "Tools", "Tools", "{3A03485D-E25B-426E-84FF-1499C98E392A}"
EndProject
Project("{8BC9CEB8-8B4A-11D0-8D11-00A0C91BC942}") = "ModelImporter", "Tools\ModelImporter\ModelImporter.vcxproj", "{3995C90C-B246-4A7B-81FC-266CE05F1C80}"
EndProject
Project("{8BC9CEB8-8B4A-11D0-8D11-00A0C91BC942}") = "10_HelloModel", "VGP330\10_HelloModel\10_HelloModel.vcxproj", "{AB91E736-E6B4-4298-8197-2C9C7EB26BDE}"
EndProject
Project("{8BC9CEB8-8B4A-11D0-8D11-00A0C91BC942}") = "11_HelloPostProcessing", "VGP330\11_HelloPostProcessing\11_HelloPostProcessing.vcxproj", "{E693C3C1-2560-4538-9E99-B9FBE33F9DCC}"
EndProject
Project("{8BC9CEB8-8B4A-11D0-8D11-00A0C91BC942}") = "12_HelloGaussianBlur", "VGP330\12_HelloGaussianBlur\12_HelloGaussianBlur.vcxproj", "{9D8BAF99-DF98-424F-95DC-C452D08A20CB}"
EndProject
Project("{8BC9CEB8-8B4A-11D0-8D11-00A0C91BC942}") = "13_HelloShadow", "VGP330\13_HelloShadow\13_HelloShadow.vcxproj", "{6058C64E-75F8-4D2B-8E21-73EB6E370814}"
EndProject
Project("{8BC9CEB8-8B4A-11D0-8D11-00A0C91BC942}") = "14_HelloTerrain", "VGP330\14_HelloTerrain\14_HelloTerrain.vcxproj", "{FB571A72-4783-4D22-BF8F-16D21019CC30}"
EndProject
Project("{8BC9CEB8-8B4A-11D0-8D11-00A0C91BC942}") = "15_Final_Mirror", "VGP330\15_Final_Mirror\15_Final_Mirror.vcxproj", "{709558E9-20A7-435A-A25C-0CF84519E923}"
EndProject
Project("{2150E333-8FDC-42A3-9474-1A3956D46DE8}") = "VGP334", "VGP334", "{618CA939-EFA5-4679-A1A7-8001794D9915}"
EndProject
Project("{8BC9CEB8-8B4A-11D0-8D11-00A0C91BC942}") = "15_HelloQuaternion", "VGP334\15_HelloQuaternion\15_HelloQuaternion.vcxproj", "{8179645F-327F-4057-B776-CB56898780A9}"
EndProject
Project("{8BC9CEB8-8B4A-11D0-8D11-00A0C91BC942}") = "16_HelloAnimation", "VGP334\16_HelloAnimation\16_HelloAnimation.vcxproj", "{8CDE1AF0-B86E-497E-8A57-79863B7CBFF2}"
EndProject
Project("{8BC9CEB8-8B4A-11D0-8D11-00A0C91BC942}") = "17_HelloSkeleton", "VGP334\17_HelloSkeleton\17_HelloSkeleton.vcxproj", "{DD2962B1-3984-4777-98F6-0ABB7F8AB477}"
EndProject
Project("{8BC9CEB8-8B4A-11D0-8D11-00A0C91BC942}") = "18_HelloSkeletonAnimation", "VGP334\18_HelloSkeletonAnimation\18_HelloSkeletonAnimation.vcxproj", "{3C4E3523-988C-452E-9CBA-92875AD33331}"
EndProject
Project("{8BC9CEB8-8B4A-11D0-8D11-00A0C91BC942}") = "Bullet", "External\Bullet\Bullet.vcxproj", "{516192EB-788A-4FE7-B2B7-2EF9AC036B12}"
EndProject
Project("{8BC9CEB8-8B4A-11D0-8D11-00A0C91BC942}") = "Physics", "Framework\Physics\Physics.vcxproj", "{DC1DE394-51FF-4C09-84FB-829FFE65648E}"
EndProject
Project("{8BC9CEB8-8B4A-11D0-8D11-00A0C91BC942}") = "19_HelloPhysics", "VGP334\19_HelloPhysics\19_HelloPhysics.vcxproj", "{556D0E71-1058-45A8-BC62-85CE55CDF424}"
EndProject
Project("{8BC9CEB8-8B4A-11D0-8D11-00A0C91BC942}") = "20_HelloParticleEffects", "VGP334\20_HelloParticleEffects\20_HelloParticleEffects.vcxproj", "{DD9D3235-579D-4E3C-B65B-272C3EE2407A}"
EndProject
Project("{8BC9CEB8-8B4A-11D0-8D11-00A0C91BC942}") = "21_HelloSoftBody", "VGP334\21_HelloSoftBody\21_HelloSoftBody.vcxproj", "{81C93BB0-613A-4FE5-B728-A604FAE2D42F}"
EndProject
Project("{8BC9CEB8-8B4A-11D0-8D11-00A0C91BC942}") = "Audio", "Framework\Audio\Audio.vcxproj", "{F27AF855-20DA-4FB7-8650-6EC0468811B9}"
EndProject
Project("{8BC9CEB8-8B4A-11D0-8D11-00A0C91BC942}") = "22_HelloSoundEvents", "VGP334\22_HelloSoundEvents\22_HelloSoundEvents.vcxproj", "{BB97F422-5555-44FD-90BF-CC87C3799ED4}"
EndProject
Project("{8BC9CEB8-8B4A-11D0-8D11-00A0C91BC942}") = "DirectXTKAudio_Desktop_2022_Win8", "External\DirectXTK\Audio\DirectXTKAudio_Desktop_2022_Win8.vcxproj", "{4F150A30-CECB-49D1-8283-6A3F57438CF5}"
EndProject
Project("{8BC9CEB8-8B4A-11D0-8D11-00A0C91BC942}") = "Final_HelloMatrix", "VGP334\Final_HelloMatrix\Final_HelloMatrix.vcxproj", "{CA60AF2A-5C00-4DB2-B0C9-2B3534B8F712}"
EndProject
Project("{2150E333-8FDC-42A3-9474-1A3956D46DE8}") = "VGP336", "VGP336", "{94895D59-B49B-4C72-BE80-D477A8E152F8}"
EndProject
Project("{8BC9CEB8-8B4A-11D0-8D11-00A0C91BC942}") = "23_HelloMemory", "VGP336\23_HelloMemory\23_HelloMemory.vcxproj", "{394E714C-0E3E-498A-89B8-6E045F082E75}"
EndProject
Project("{8BC9CEB8-8B4A-11D0-8D11-00A0C91BC942}") = "24_HelloGameObject", "VGP336\24_HelloGameObject\24_HelloGameObject.vcxproj", "{78FC2F56-FC2E-48CE-AD89-9203EB0D8E81}"
EndProject
Project("{2150E333-8FDC-42A3-9474-1A3956D46DE8}") = "Templates", "Templates", "{30C9810F-CD00-404F-ABAD-247E667C9E32}"
	ProjectSection(SolutionItems) = preProject
		Assets\Templates\fps_camera.json = Assets\Templates\fps_camera.json
		Assets\Templates\ground.json = Assets\Templates\ground.json
		Assets\Templates\stationary_camera.json = Assets\Templates\stationary_camera.json
		Assets\Templates\test_carry_obj.json = Assets\Templates\test_carry_obj.json
		Assets\Templates\test_model.json = Assets\Templates\test_model.json
		Assets\Templates\test_object.json = Assets\Templates\test_object.json
	EndProjectSection
EndProject
Project("{8BC9CEB8-8B4A-11D0-8D11-00A0C91BC942}") = "25_HelloGameObjectFactory", "VGP336\25_HelloGameObjectFactory\25_HelloGameObjectFactory.vcxproj", "{F8DE388D-F995-49AD-8EB7-1F19E5386C80}"
EndProject
Project("{8BC9CEB8-8B4A-11D0-8D11-00A0C91BC942}") = "26_HelloGameWorld", "VGP336\26_HelloGameWorld\26_HelloGameWorld.vcxproj", "{980BF05B-4D33-4D29-910A-D9E90D41934A}"
EndProject
Project("{8BC9CEB8-8B4A-11D0-8D11-00A0C91BC942}") = "FW1FontWrapper", "External\FW1FontWrapper\FW1FontWrapper.vcxproj", "{0D034612-14E2-44E7-993A-72344A2CA7BD}"
EndProject
Project("{2150E333-8FDC-42A3-9474-1A3956D46DE8}") = "UI", "UI", "{8FFE5249-C928-453E-810C-5FAF388A66CC}"
	ProjectSection(SolutionItems) = preProject
		Assets\Templates\UI\BarBackground.json = Assets\Templates\UI\BarBackground.json
		Assets\Templates\UI\AimTrainerScreen.json = Assets\Templates\UI\AimTrainerScreen.json
		Assets\Templates\UI\BarFull.json = Assets\Templates\UI\BarFull.json
		Assets\Templates\UI\Button.json = Assets\Templates\UI\Button.json
		Assets\Templates\UI\Crosshair.json = Assets\Templates\UI\Crosshair.json
		Assets\Templates\UI\test_screen.json = Assets\Templates\UI\test_screen.json
	EndProjectSection
EndProject
Project("{2150E333-8FDC-42A3-9474-1A3956D46DE8}") = "Levels", "Levels", "{3FD1C5BD-8FF6-4C94-BB6F-B1B5EA254746}"
	ProjectSection(SolutionItems) = preProject
		Assets\Templates\Levels\aim_trainer_level.json = Assets\Templates\Levels\aim_trainer_level.json
		Assets\Templates\Levels\test_level.json = Assets\Templates\Levels\test_level.json
	EndProjectSection
EndProject
Project("{8BC9CEB8-8B4A-11D0-8D11-00A0C91BC942}") = "Final_HelloAimTrainer", "VGP336\Final_HelloAimTrainer\Final_HelloAimTrainer.vcxproj", "{9B49278D-B734-4D7A-84DC-11C85F66229A}"
EndProject
Global
	GlobalSection(SolutionConfigurationPlatforms) = preSolution
		Debug|x64 = Debug|x64
		Debug|x86 = Debug|x86
		Release|x64 = Release|x64
		Release|x86 = Release|x86
	EndGlobalSection
	GlobalSection(ProjectConfigurationPlatforms) = postSolution
		{FCEB8285-08F9-48A6-A185-839D890CD801}.Debug|x64.ActiveCfg = Debug|x64
		{FCEB8285-08F9-48A6-A185-839D890CD801}.Debug|x64.Build.0 = Debug|x64
		{FCEB8285-08F9-48A6-A185-839D890CD801}.Debug|x86.ActiveCfg = Debug|Win32
		{FCEB8285-08F9-48A6-A185-839D890CD801}.Debug|x86.Build.0 = Debug|Win32
		{FCEB8285-08F9-48A6-A185-839D890CD801}.Release|x64.ActiveCfg = Release|x64
		{FCEB8285-08F9-48A6-A185-839D890CD801}.Release|x64.Build.0 = Release|x64
		{FCEB8285-08F9-48A6-A185-839D890CD801}.Release|x86.ActiveCfg = Release|Win32
		{FCEB8285-08F9-48A6-A185-839D890CD801}.Release|x86.Build.0 = Release|Win32
		{59201557-9D7E-434F-BCE0-6BA9DD8C50BB}.Debug|x64.ActiveCfg = Debug|x64
		{59201557-9D7E-434F-BCE0-6BA9DD8C50BB}.Debug|x64.Build.0 = Debug|x64
		{59201557-9D7E-434F-BCE0-6BA9DD8C50BB}.Debug|x86.ActiveCfg = Debug|Win32
		{59201557-9D7E-434F-BCE0-6BA9DD8C50BB}.Debug|x86.Build.0 = Debug|Win32
		{59201557-9D7E-434F-BCE0-6BA9DD8C50BB}.Release|x64.ActiveCfg = Release|x64
		{59201557-9D7E-434F-BCE0-6BA9DD8C50BB}.Release|x64.Build.0 = Release|x64
		{59201557-9D7E-434F-BCE0-6BA9DD8C50BB}.Release|x86.ActiveCfg = Release|Win32
		{59201557-9D7E-434F-BCE0-6BA9DD8C50BB}.Release|x86.Build.0 = Release|Win32
		{14C387BF-B9CB-496F-955B-9C1B7881DF1F}.Debug|x64.ActiveCfg = Debug|x64
		{14C387BF-B9CB-496F-955B-9C1B7881DF1F}.Debug|x64.Build.0 = Debug|x64
		{14C387BF-B9CB-496F-955B-9C1B7881DF1F}.Debug|x86.ActiveCfg = Debug|Win32
		{14C387BF-B9CB-496F-955B-9C1B7881DF1F}.Debug|x86.Build.0 = Debug|Win32
		{14C387BF-B9CB-496F-955B-9C1B7881DF1F}.Release|x64.ActiveCfg = Release|x64
		{14C387BF-B9CB-496F-955B-9C1B7881DF1F}.Release|x64.Build.0 = Release|x64
		{14C387BF-B9CB-496F-955B-9C1B7881DF1F}.Release|x86.ActiveCfg = Release|Win32
		{14C387BF-B9CB-496F-955B-9C1B7881DF1F}.Release|x86.Build.0 = Release|Win32
		{21164DA1-0534-48B3-9001-D54E79B0FA81}.Debug|x64.ActiveCfg = Debug|x64
		{21164DA1-0534-48B3-9001-D54E79B0FA81}.Debug|x64.Build.0 = Debug|x64
		{21164DA1-0534-48B3-9001-D54E79B0FA81}.Debug|x86.ActiveCfg = Debug|Win32
		{21164DA1-0534-48B3-9001-D54E79B0FA81}.Debug|x86.Build.0 = Debug|Win32
		{21164DA1-0534-48B3-9001-D54E79B0FA81}.Release|x64.ActiveCfg = Release|x64
		{21164DA1-0534-48B3-9001-D54E79B0FA81}.Release|x64.Build.0 = Release|x64
		{21164DA1-0534-48B3-9001-D54E79B0FA81}.Release|x86.ActiveCfg = Release|Win32
		{21164DA1-0534-48B3-9001-D54E79B0FA81}.Release|x86.Build.0 = Release|Win32
		{08C66A15-6096-4B85-A3F1-22771578F68C}.Debug|x64.ActiveCfg = Debug|x64
		{08C66A15-6096-4B85-A3F1-22771578F68C}.Debug|x64.Build.0 = Debug|x64
		{08C66A15-6096-4B85-A3F1-22771578F68C}.Debug|x86.ActiveCfg = Debug|Win32
		{08C66A15-6096-4B85-A3F1-22771578F68C}.Debug|x86.Build.0 = Debug|Win32
		{08C66A15-6096-4B85-A3F1-22771578F68C}.Release|x64.ActiveCfg = Release|x64
		{08C66A15-6096-4B85-A3F1-22771578F68C}.Release|x64.Build.0 = Release|x64
		{08C66A15-6096-4B85-A3F1-22771578F68C}.Release|x86.ActiveCfg = Release|Win32
		{08C66A15-6096-4B85-A3F1-22771578F68C}.Release|x86.Build.0 = Release|Win32
		{E0B52AE7-E160-4D32-BF3F-910B785E5A8E}.Debug|x64.ActiveCfg = Debug|x64
		{E0B52AE7-E160-4D32-BF3F-910B785E5A8E}.Debug|x64.Build.0 = Debug|x64
		{E0B52AE7-E160-4D32-BF3F-910B785E5A8E}.Debug|x86.ActiveCfg = Debug|Win32
		{E0B52AE7-E160-4D32-BF3F-910B785E5A8E}.Debug|x86.Build.0 = Debug|Win32
		{E0B52AE7-E160-4D32-BF3F-910B785E5A8E}.Release|x64.ActiveCfg = Release|x64
		{E0B52AE7-E160-4D32-BF3F-910B785E5A8E}.Release|x64.Build.0 = Release|x64
		{E0B52AE7-E160-4D32-BF3F-910B785E5A8E}.Release|x86.ActiveCfg = Release|Win32
		{E0B52AE7-E160-4D32-BF3F-910B785E5A8E}.Release|x86.Build.0 = Release|Win32
		{41E47548-F0AF-4F7F-A2B6-8223DADAD51B}.Debug|x64.ActiveCfg = Debug|x64
		{41E47548-F0AF-4F7F-A2B6-8223DADAD51B}.Debug|x64.Build.0 = Debug|x64
		{41E47548-F0AF-4F7F-A2B6-8223DADAD51B}.Debug|x86.ActiveCfg = Debug|Win32
		{41E47548-F0AF-4F7F-A2B6-8223DADAD51B}.Debug|x86.Build.0 = Debug|Win32
		{41E47548-F0AF-4F7F-A2B6-8223DADAD51B}.Release|x64.ActiveCfg = Release|x64
		{41E47548-F0AF-4F7F-A2B6-8223DADAD51B}.Release|x64.Build.0 = Release|x64
		{41E47548-F0AF-4F7F-A2B6-8223DADAD51B}.Release|x86.ActiveCfg = Release|Win32
		{41E47548-F0AF-4F7F-A2B6-8223DADAD51B}.Release|x86.Build.0 = Release|Win32
		{3629F01A-6FED-42EB-B308-E9F7F1346EAF}.Debug|x64.ActiveCfg = Debug|x64
		{3629F01A-6FED-42EB-B308-E9F7F1346EAF}.Debug|x64.Build.0 = Debug|x64
		{3629F01A-6FED-42EB-B308-E9F7F1346EAF}.Debug|x86.ActiveCfg = Debug|Win32
		{3629F01A-6FED-42EB-B308-E9F7F1346EAF}.Debug|x86.Build.0 = Debug|Win32
		{3629F01A-6FED-42EB-B308-E9F7F1346EAF}.Release|x64.ActiveCfg = Release|x64
		{3629F01A-6FED-42EB-B308-E9F7F1346EAF}.Release|x64.Build.0 = Release|x64
		{3629F01A-6FED-42EB-B308-E9F7F1346EAF}.Release|x86.ActiveCfg = Release|Win32
		{3629F01A-6FED-42EB-B308-E9F7F1346EAF}.Release|x86.Build.0 = Release|Win32
		{1898EDC1-A238-42F1-8089-CB5613881C97}.Debug|x64.ActiveCfg = Debug|x64
		{1898EDC1-A238-42F1-8089-CB5613881C97}.Debug|x64.Build.0 = Debug|x64
		{1898EDC1-A238-42F1-8089-CB5613881C97}.Debug|x86.ActiveCfg = Debug|Win32
		{1898EDC1-A238-42F1-8089-CB5613881C97}.Debug|x86.Build.0 = Debug|Win32
		{1898EDC1-A238-42F1-8089-CB5613881C97}.Release|x64.ActiveCfg = Release|x64
		{1898EDC1-A238-42F1-8089-CB5613881C97}.Release|x64.Build.0 = Release|x64
		{1898EDC1-A238-42F1-8089-CB5613881C97}.Release|x86.ActiveCfg = Release|Win32
		{1898EDC1-A238-42F1-8089-CB5613881C97}.Release|x86.Build.0 = Release|Win32
		{8CCC0BC5-7FDD-4EAC-91A9-D76A4012293B}.Debug|x64.ActiveCfg = Debug|x64
		{8CCC0BC5-7FDD-4EAC-91A9-D76A4012293B}.Debug|x64.Build.0 = Debug|x64
		{8CCC0BC5-7FDD-4EAC-91A9-D76A4012293B}.Debug|x86.ActiveCfg = Debug|Win32
		{8CCC0BC5-7FDD-4EAC-91A9-D76A4012293B}.Debug|x86.Build.0 = Debug|Win32
		{8CCC0BC5-7FDD-4EAC-91A9-D76A4012293B}.Release|x64.ActiveCfg = Release|x64
		{8CCC0BC5-7FDD-4EAC-91A9-D76A4012293B}.Release|x64.Build.0 = Release|x64
		{8CCC0BC5-7FDD-4EAC-91A9-D76A4012293B}.Release|x86.ActiveCfg = Release|Win32
		{8CCC0BC5-7FDD-4EAC-91A9-D76A4012293B}.Release|x86.Build.0 = Release|Win32
		{9E4CFF3A-289F-41DF-8256-3C58D6508098}.Debug|x64.ActiveCfg = Debug|x64
		{9E4CFF3A-289F-41DF-8256-3C58D6508098}.Debug|x64.Build.0 = Debug|x64
		{9E4CFF3A-289F-41DF-8256-3C58D6508098}.Debug|x86.ActiveCfg = Debug|Win32
		{9E4CFF3A-289F-41DF-8256-3C58D6508098}.Debug|x86.Build.0 = Debug|Win32
		{9E4CFF3A-289F-41DF-8256-3C58D6508098}.Release|x64.ActiveCfg = Release|x64
		{9E4CFF3A-289F-41DF-8256-3C58D6508098}.Release|x64.Build.0 = Release|x64
		{9E4CFF3A-289F-41DF-8256-3C58D6508098}.Release|x86.ActiveCfg = Release|Win32
		{9E4CFF3A-289F-41DF-8256-3C58D6508098}.Release|x86.Build.0 = Release|Win32
		{52D656A2-A2F4-4C54-A3C7-653427BED1E8}.Debug|x64.ActiveCfg = Debug|x64
		{52D656A2-A2F4-4C54-A3C7-653427BED1E8}.Debug|x64.Build.0 = Debug|x64
		{52D656A2-A2F4-4C54-A3C7-653427BED1E8}.Debug|x86.ActiveCfg = Debug|Win32
		{52D656A2-A2F4-4C54-A3C7-653427BED1E8}.Debug|x86.Build.0 = Debug|Win32
		{52D656A2-A2F4-4C54-A3C7-653427BED1E8}.Release|x64.ActiveCfg = Release|x64
		{52D656A2-A2F4-4C54-A3C7-653427BED1E8}.Release|x64.Build.0 = Release|x64
		{52D656A2-A2F4-4C54-A3C7-653427BED1E8}.Release|x86.ActiveCfg = Release|Win32
		{52D656A2-A2F4-4C54-A3C7-653427BED1E8}.Release|x86.Build.0 = Release|Win32
		{C6C2A385-5518-46CB-893E-BDE5EB40B900}.Debug|x64.ActiveCfg = Debug|x64
		{C6C2A385-5518-46CB-893E-BDE5EB40B900}.Debug|x64.Build.0 = Debug|x64
		{C6C2A385-5518-46CB-893E-BDE5EB40B900}.Debug|x86.ActiveCfg = Debug|Win32
		{C6C2A385-5518-46CB-893E-BDE5EB40B900}.Debug|x86.Build.0 = Debug|Win32
		{C6C2A385-5518-46CB-893E-BDE5EB40B900}.Release|x64.ActiveCfg = Release|x64
		{C6C2A385-5518-46CB-893E-BDE5EB40B900}.Release|x64.Build.0 = Release|x64
		{C6C2A385-5518-46CB-893E-BDE5EB40B900}.Release|x86.ActiveCfg = Release|Win32
		{C6C2A385-5518-46CB-893E-BDE5EB40B900}.Release|x86.Build.0 = Release|Win32
		{C8EBC13F-732D-49B1-AF3A-88D5A4F0B809}.Debug|x64.ActiveCfg = Debug|x64
		{C8EBC13F-732D-49B1-AF3A-88D5A4F0B809}.Debug|x64.Build.0 = Debug|x64
		{C8EBC13F-732D-49B1-AF3A-88D5A4F0B809}.Debug|x86.ActiveCfg = Debug|Win32
		{C8EBC13F-732D-49B1-AF3A-88D5A4F0B809}.Debug|x86.Build.0 = Debug|Win32
		{C8EBC13F-732D-49B1-AF3A-88D5A4F0B809}.Release|x64.ActiveCfg = Release|x64
		{C8EBC13F-732D-49B1-AF3A-88D5A4F0B809}.Release|x64.Build.0 = Release|x64
		{C8EBC13F-732D-49B1-AF3A-88D5A4F0B809}.Release|x86.ActiveCfg = Release|Win32
		{C8EBC13F-732D-49B1-AF3A-88D5A4F0B809}.Release|x86.Build.0 = Release|Win32
		{8F0B1D9E-108F-4419-8E77-6D73737DF4A4}.Debug|x64.ActiveCfg = Debug|x64
		{8F0B1D9E-108F-4419-8E77-6D73737DF4A4}.Debug|x64.Build.0 = Debug|x64
		{8F0B1D9E-108F-4419-8E77-6D73737DF4A4}.Debug|x86.ActiveCfg = Debug|Win32
		{8F0B1D9E-108F-4419-8E77-6D73737DF4A4}.Debug|x86.Build.0 = Debug|Win32
		{8F0B1D9E-108F-4419-8E77-6D73737DF4A4}.Release|x64.ActiveCfg = Release|x64
		{8F0B1D9E-108F-4419-8E77-6D73737DF4A4}.Release|x64.Build.0 = Release|x64
		{8F0B1D9E-108F-4419-8E77-6D73737DF4A4}.Release|x86.ActiveCfg = Release|Win32
		{8F0B1D9E-108F-4419-8E77-6D73737DF4A4}.Release|x86.Build.0 = Release|Win32
		{94DFA4A6-3F79-4256-B80E-4498FE772923}.Debug|x64.ActiveCfg = Debug|x64
		{94DFA4A6-3F79-4256-B80E-4498FE772923}.Debug|x64.Build.0 = Debug|x64
		{94DFA4A6-3F79-4256-B80E-4498FE772923}.Debug|x86.ActiveCfg = Debug|Win32
		{94DFA4A6-3F79-4256-B80E-4498FE772923}.Debug|x86.Build.0 = Debug|Win32
		{94DFA4A6-3F79-4256-B80E-4498FE772923}.Release|x64.ActiveCfg = Release|x64
		{94DFA4A6-3F79-4256-B80E-4498FE772923}.Release|x64.Build.0 = Release|x64
		{94DFA4A6-3F79-4256-B80E-4498FE772923}.Release|x86.ActiveCfg = Release|Win32
		{94DFA4A6-3F79-4256-B80E-4498FE772923}.Release|x86.Build.0 = Release|Win32
		{E1710A50-FCBE-49A2-9F96-047DA3BACE2E}.Debug|x64.ActiveCfg = Debug|x64
		{E1710A50-FCBE-49A2-9F96-047DA3BACE2E}.Debug|x64.Build.0 = Debug|x64
		{E1710A50-FCBE-49A2-9F96-047DA3BACE2E}.Debug|x86.ActiveCfg = Debug|Win32
		{E1710A50-FCBE-49A2-9F96-047DA3BACE2E}.Debug|x86.Build.0 = Debug|Win32
		{E1710A50-FCBE-49A2-9F96-047DA3BACE2E}.Release|x64.ActiveCfg = Release|x64
		{E1710A50-FCBE-49A2-9F96-047DA3BACE2E}.Release|x64.Build.0 = Release|x64
		{E1710A50-FCBE-49A2-9F96-047DA3BACE2E}.Release|x86.ActiveCfg = Release|Win32
		{E1710A50-FCBE-49A2-9F96-047DA3BACE2E}.Release|x86.Build.0 = Release|Win32
		{3995C90C-B246-4A7B-81FC-266CE05F1C80}.Debug|x64.ActiveCfg = Debug|x64
		{3995C90C-B246-4A7B-81FC-266CE05F1C80}.Debug|x64.Build.0 = Debug|x64
		{3995C90C-B246-4A7B-81FC-266CE05F1C80}.Debug|x86.ActiveCfg = Debug|Win32
		{3995C90C-B246-4A7B-81FC-266CE05F1C80}.Debug|x86.Build.0 = Debug|Win32
		{3995C90C-B246-4A7B-81FC-266CE05F1C80}.Release|x64.ActiveCfg = Release|x64
		{3995C90C-B246-4A7B-81FC-266CE05F1C80}.Release|x64.Build.0 = Release|x64
		{3995C90C-B246-4A7B-81FC-266CE05F1C80}.Release|x86.ActiveCfg = Release|Win32
		{3995C90C-B246-4A7B-81FC-266CE05F1C80}.Release|x86.Build.0 = Release|Win32
		{AB91E736-E6B4-4298-8197-2C9C7EB26BDE}.Debug|x64.ActiveCfg = Debug|x64
		{AB91E736-E6B4-4298-8197-2C9C7EB26BDE}.Debug|x64.Build.0 = Debug|x64
		{AB91E736-E6B4-4298-8197-2C9C7EB26BDE}.Debug|x86.ActiveCfg = Debug|Win32
		{AB91E736-E6B4-4298-8197-2C9C7EB26BDE}.Debug|x86.Build.0 = Debug|Win32
		{AB91E736-E6B4-4298-8197-2C9C7EB26BDE}.Release|x64.ActiveCfg = Release|x64
		{AB91E736-E6B4-4298-8197-2C9C7EB26BDE}.Release|x64.Build.0 = Release|x64
		{AB91E736-E6B4-4298-8197-2C9C7EB26BDE}.Release|x86.ActiveCfg = Release|Win32
		{AB91E736-E6B4-4298-8197-2C9C7EB26BDE}.Release|x86.Build.0 = Release|Win32
		{E693C3C1-2560-4538-9E99-B9FBE33F9DCC}.Debug|x64.ActiveCfg = Debug|x64
		{E693C3C1-2560-4538-9E99-B9FBE33F9DCC}.Debug|x64.Build.0 = Debug|x64
		{E693C3C1-2560-4538-9E99-B9FBE33F9DCC}.Debug|x86.ActiveCfg = Debug|Win32
		{E693C3C1-2560-4538-9E99-B9FBE33F9DCC}.Debug|x86.Build.0 = Debug|Win32
		{E693C3C1-2560-4538-9E99-B9FBE33F9DCC}.Release|x64.ActiveCfg = Release|x64
		{E693C3C1-2560-4538-9E99-B9FBE33F9DCC}.Release|x64.Build.0 = Release|x64
		{E693C3C1-2560-4538-9E99-B9FBE33F9DCC}.Release|x86.ActiveCfg = Release|Win32
		{E693C3C1-2560-4538-9E99-B9FBE33F9DCC}.Release|x86.Build.0 = Release|Win32
		{9D8BAF99-DF98-424F-95DC-C452D08A20CB}.Debug|x64.ActiveCfg = Debug|x64
		{9D8BAF99-DF98-424F-95DC-C452D08A20CB}.Debug|x64.Build.0 = Debug|x64
		{9D8BAF99-DF98-424F-95DC-C452D08A20CB}.Debug|x86.ActiveCfg = Debug|Win32
		{9D8BAF99-DF98-424F-95DC-C452D08A20CB}.Debug|x86.Build.0 = Debug|Win32
		{9D8BAF99-DF98-424F-95DC-C452D08A20CB}.Release|x64.ActiveCfg = Release|x64
		{9D8BAF99-DF98-424F-95DC-C452D08A20CB}.Release|x64.Build.0 = Release|x64
		{9D8BAF99-DF98-424F-95DC-C452D08A20CB}.Release|x86.ActiveCfg = Release|Win32
		{9D8BAF99-DF98-424F-95DC-C452D08A20CB}.Release|x86.Build.0 = Release|Win32
		{6058C64E-75F8-4D2B-8E21-73EB6E370814}.Debug|x64.ActiveCfg = Debug|x64
		{6058C64E-75F8-4D2B-8E21-73EB6E370814}.Debug|x64.Build.0 = Debug|x64
		{6058C64E-75F8-4D2B-8E21-73EB6E370814}.Debug|x86.ActiveCfg = Debug|Win32
		{6058C64E-75F8-4D2B-8E21-73EB6E370814}.Debug|x86.Build.0 = Debug|Win32
		{6058C64E-75F8-4D2B-8E21-73EB6E370814}.Release|x64.ActiveCfg = Release|x64
		{6058C64E-75F8-4D2B-8E21-73EB6E370814}.Release|x64.Build.0 = Release|x64
		{6058C64E-75F8-4D2B-8E21-73EB6E370814}.Release|x86.ActiveCfg = Release|Win32
		{6058C64E-75F8-4D2B-8E21-73EB6E370814}.Release|x86.Build.0 = Release|Win32
		{FB571A72-4783-4D22-BF8F-16D21019CC30}.Debug|x64.ActiveCfg = Debug|x64
		{FB571A72-4783-4D22-BF8F-16D21019CC30}.Debug|x64.Build.0 = Debug|x64
		{FB571A72-4783-4D22-BF8F-16D21019CC30}.Debug|x86.ActiveCfg = Debug|Win32
		{FB571A72-4783-4D22-BF8F-16D21019CC30}.Debug|x86.Build.0 = Debug|Win32
		{FB571A72-4783-4D22-BF8F-16D21019CC30}.Release|x64.ActiveCfg = Release|x64
		{FB571A72-4783-4D22-BF8F-16D21019CC30}.Release|x64.Build.0 = Release|x64
		{FB571A72-4783-4D22-BF8F-16D21019CC30}.Release|x86.ActiveCfg = Release|Win32
		{FB571A72-4783-4D22-BF8F-16D21019CC30}.Release|x86.Build.0 = Release|Win32
		{709558E9-20A7-435A-A25C-0CF84519E923}.Debug|x64.ActiveCfg = Debug|x64
		{709558E9-20A7-435A-A25C-0CF84519E923}.Debug|x64.Build.0 = Debug|x64
		{709558E9-20A7-435A-A25C-0CF84519E923}.Debug|x86.ActiveCfg = Debug|Win32
		{709558E9-20A7-435A-A25C-0CF84519E923}.Debug|x86.Build.0 = Debug|Win32
		{709558E9-20A7-435A-A25C-0CF84519E923}.Release|x64.ActiveCfg = Release|x64
		{709558E9-20A7-435A-A25C-0CF84519E923}.Release|x64.Build.0 = Release|x64
		{709558E9-20A7-435A-A25C-0CF84519E923}.Release|x86.ActiveCfg = Release|Win32
		{709558E9-20A7-435A-A25C-0CF84519E923}.Release|x86.Build.0 = Release|Win32
		{8179645F-327F-4057-B776-CB56898780A9}.Debug|x64.ActiveCfg = Debug|x64
		{8179645F-327F-4057-B776-CB56898780A9}.Debug|x64.Build.0 = Debug|x64
		{8179645F-327F-4057-B776-CB56898780A9}.Debug|x86.ActiveCfg = Debug|Win32
		{8179645F-327F-4057-B776-CB56898780A9}.Debug|x86.Build.0 = Debug|Win32
		{8179645F-327F-4057-B776-CB56898780A9}.Release|x64.ActiveCfg = Release|x64
		{8179645F-327F-4057-B776-CB56898780A9}.Release|x64.Build.0 = Release|x64
		{8179645F-327F-4057-B776-CB56898780A9}.Release|x86.ActiveCfg = Release|Win32
		{8179645F-327F-4057-B776-CB56898780A9}.Release|x86.Build.0 = Release|Win32
		{8CDE1AF0-B86E-497E-8A57-79863B7CBFF2}.Debug|x64.ActiveCfg = Debug|x64
		{8CDE1AF0-B86E-497E-8A57-79863B7CBFF2}.Debug|x64.Build.0 = Debug|x64
		{8CDE1AF0-B86E-497E-8A57-79863B7CBFF2}.Debug|x86.ActiveCfg = Debug|Win32
		{8CDE1AF0-B86E-497E-8A57-79863B7CBFF2}.Debug|x86.Build.0 = Debug|Win32
		{8CDE1AF0-B86E-497E-8A57-79863B7CBFF2}.Release|x64.ActiveCfg = Release|x64
		{8CDE1AF0-B86E-497E-8A57-79863B7CBFF2}.Release|x64.Build.0 = Release|x64
		{8CDE1AF0-B86E-497E-8A57-79863B7CBFF2}.Release|x86.ActiveCfg = Release|Win32
		{8CDE1AF0-B86E-497E-8A57-79863B7CBFF2}.Release|x86.Build.0 = Release|Win32
		{DD2962B1-3984-4777-98F6-0ABB7F8AB477}.Debug|x64.ActiveCfg = Debug|x64
		{DD2962B1-3984-4777-98F6-0ABB7F8AB477}.Debug|x64.Build.0 = Debug|x64
		{DD2962B1-3984-4777-98F6-0ABB7F8AB477}.Debug|x86.ActiveCfg = Debug|Win32
		{DD2962B1-3984-4777-98F6-0ABB7F8AB477}.Debug|x86.Build.0 = Debug|Win32
		{DD2962B1-3984-4777-98F6-0ABB7F8AB477}.Release|x64.ActiveCfg = Release|x64
		{DD2962B1-3984-4777-98F6-0ABB7F8AB477}.Release|x64.Build.0 = Release|x64
		{DD2962B1-3984-4777-98F6-0ABB7F8AB477}.Release|x86.ActiveCfg = Release|Win32
		{DD2962B1-3984-4777-98F6-0ABB7F8AB477}.Release|x86.Build.0 = Release|Win32
		{3C4E3523-988C-452E-9CBA-92875AD33331}.Debug|x64.ActiveCfg = Debug|x64
		{3C4E3523-988C-452E-9CBA-92875AD33331}.Debug|x64.Build.0 = Debug|x64
		{3C4E3523-988C-452E-9CBA-92875AD33331}.Debug|x86.ActiveCfg = Debug|Win32
		{3C4E3523-988C-452E-9CBA-92875AD33331}.Debug|x86.Build.0 = Debug|Win32
		{3C4E3523-988C-452E-9CBA-92875AD33331}.Release|x64.ActiveCfg = Release|x64
		{3C4E3523-988C-452E-9CBA-92875AD33331}.Release|x64.Build.0 = Release|x64
		{3C4E3523-988C-452E-9CBA-92875AD33331}.Release|x86.ActiveCfg = Release|Win32
		{3C4E3523-988C-452E-9CBA-92875AD33331}.Release|x86.Build.0 = Release|Win32
		{516192EB-788A-4FE7-B2B7-2EF9AC036B12}.Debug|x64.ActiveCfg = Debug|x64
		{516192EB-788A-4FE7-B2B7-2EF9AC036B12}.Debug|x64.Build.0 = Debug|x64
		{516192EB-788A-4FE7-B2B7-2EF9AC036B12}.Debug|x86.ActiveCfg = Debug|Win32
		{516192EB-788A-4FE7-B2B7-2EF9AC036B12}.Debug|x86.Build.0 = Debug|Win32
		{516192EB-788A-4FE7-B2B7-2EF9AC036B12}.Release|x64.ActiveCfg = Release|x64
		{516192EB-788A-4FE7-B2B7-2EF9AC036B12}.Release|x64.Build.0 = Release|x64
		{516192EB-788A-4FE7-B2B7-2EF9AC036B12}.Release|x86.ActiveCfg = Release|Win32
		{516192EB-788A-4FE7-B2B7-2EF9AC036B12}.Release|x86.Build.0 = Release|Win32
		{DC1DE394-51FF-4C09-84FB-829FFE65648E}.Debug|x64.ActiveCfg = Debug|x64
		{DC1DE394-51FF-4C09-84FB-829FFE65648E}.Debug|x64.Build.0 = Debug|x64
		{DC1DE394-51FF-4C09-84FB-829FFE65648E}.Debug|x86.ActiveCfg = Debug|Win32
		{DC1DE394-51FF-4C09-84FB-829FFE65648E}.Debug|x86.Build.0 = Debug|Win32
		{DC1DE394-51FF-4C09-84FB-829FFE65648E}.Release|x64.ActiveCfg = Release|x64
		{DC1DE394-51FF-4C09-84FB-829FFE65648E}.Release|x64.Build.0 = Release|x64
		{DC1DE394-51FF-4C09-84FB-829FFE65648E}.Release|x86.ActiveCfg = Release|Win32
		{DC1DE394-51FF-4C09-84FB-829FFE65648E}.Release|x86.Build.0 = Release|Win32
		{556D0E71-1058-45A8-BC62-85CE55CDF424}.Debug|x64.ActiveCfg = Debug|x64
		{556D0E71-1058-45A8-BC62-85CE55CDF424}.Debug|x64.Build.0 = Debug|x64
		{556D0E71-1058-45A8-BC62-85CE55CDF424}.Debug|x86.ActiveCfg = Debug|Win32
		{556D0E71-1058-45A8-BC62-85CE55CDF424}.Debug|x86.Build.0 = Debug|Win32
		{556D0E71-1058-45A8-BC62-85CE55CDF424}.Release|x64.ActiveCfg = Release|x64
		{556D0E71-1058-45A8-BC62-85CE55CDF424}.Release|x64.Build.0 = Release|x64
		{556D0E71-1058-45A8-BC62-85CE55CDF424}.Release|x86.ActiveCfg = Release|Win32
		{556D0E71-1058-45A8-BC62-85CE55CDF424}.Release|x86.Build.0 = Release|Win32
		{DD9D3235-579D-4E3C-B65B-272C3EE2407A}.Debug|x64.ActiveCfg = Debug|x64
		{DD9D3235-579D-4E3C-B65B-272C3EE2407A}.Debug|x64.Build.0 = Debug|x64
		{DD9D3235-579D-4E3C-B65B-272C3EE2407A}.Debug|x86.ActiveCfg = Debug|Win32
		{DD9D3235-579D-4E3C-B65B-272C3EE2407A}.Debug|x86.Build.0 = Debug|Win32
		{DD9D3235-579D-4E3C-B65B-272C3EE2407A}.Release|x64.ActiveCfg = Release|x64
		{DD9D3235-579D-4E3C-B65B-272C3EE2407A}.Release|x64.Build.0 = Release|x64
		{DD9D3235-579D-4E3C-B65B-272C3EE2407A}.Release|x86.ActiveCfg = Release|Win32
		{DD9D3235-579D-4E3C-B65B-272C3EE2407A}.Release|x86.Build.0 = Release|Win32
		{81C93BB0-613A-4FE5-B728-A604FAE2D42F}.Debug|x64.ActiveCfg = Debug|x64
		{81C93BB0-613A-4FE5-B728-A604FAE2D42F}.Debug|x64.Build.0 = Debug|x64
		{81C93BB0-613A-4FE5-B728-A604FAE2D42F}.Debug|x86.ActiveCfg = Debug|Win32
		{81C93BB0-613A-4FE5-B728-A604FAE2D42F}.Debug|x86.Build.0 = Debug|Win32
		{81C93BB0-613A-4FE5-B728-A604FAE2D42F}.Release|x64.ActiveCfg = Release|x64
		{81C93BB0-613A-4FE5-B728-A604FAE2D42F}.Release|x64.Build.0 = Release|x64
		{81C93BB0-613A-4FE5-B728-A604FAE2D42F}.Release|x86.ActiveCfg = Release|Win32
		{81C93BB0-613A-4FE5-B728-A604FAE2D42F}.Release|x86.Build.0 = Release|Win32
		{F27AF855-20DA-4FB7-8650-6EC0468811B9}.Debug|x64.ActiveCfg = Debug|x64
		{F27AF855-20DA-4FB7-8650-6EC0468811B9}.Debug|x64.Build.0 = Debug|x64
		{F27AF855-20DA-4FB7-8650-6EC0468811B9}.Debug|x86.ActiveCfg = Debug|Win32
		{F27AF855-20DA-4FB7-8650-6EC0468811B9}.Debug|x86.Build.0 = Debug|Win32
		{F27AF855-20DA-4FB7-8650-6EC0468811B9}.Release|x64.ActiveCfg = Release|x64
		{F27AF855-20DA-4FB7-8650-6EC0468811B9}.Release|x64.Build.0 = Release|x64
		{F27AF855-20DA-4FB7-8650-6EC0468811B9}.Release|x86.ActiveCfg = Release|Win32
		{F27AF855-20DA-4FB7-8650-6EC0468811B9}.Release|x86.Build.0 = Release|Win32
		{BB97F422-5555-44FD-90BF-CC87C3799ED4}.Debug|x64.ActiveCfg = Debug|x64
		{BB97F422-5555-44FD-90BF-CC87C3799ED4}.Debug|x64.Build.0 = Debug|x64
		{BB97F422-5555-44FD-90BF-CC87C3799ED4}.Debug|x86.ActiveCfg = Debug|Win32
		{BB97F422-5555-44FD-90BF-CC87C3799ED4}.Debug|x86.Build.0 = Debug|Win32
		{BB97F422-5555-44FD-90BF-CC87C3799ED4}.Release|x64.ActiveCfg = Release|x64
		{BB97F422-5555-44FD-90BF-CC87C3799ED4}.Release|x64.Build.0 = Release|x64
		{BB97F422-5555-44FD-90BF-CC87C3799ED4}.Release|x86.ActiveCfg = Release|Win32
		{BB97F422-5555-44FD-90BF-CC87C3799ED4}.Release|x86.Build.0 = Release|Win32
		{4F150A30-CECB-49D1-8283-6A3F57438CF5}.Debug|x64.ActiveCfg = Debug|x64
		{4F150A30-CECB-49D1-8283-6A3F57438CF5}.Debug|x64.Build.0 = Debug|x64
		{4F150A30-CECB-49D1-8283-6A3F57438CF5}.Debug|x86.ActiveCfg = Debug|Win32
		{4F150A30-CECB-49D1-8283-6A3F57438CF5}.Debug|x86.Build.0 = Debug|Win32
		{4F150A30-CECB-49D1-8283-6A3F57438CF5}.Release|x64.ActiveCfg = Release|x64
		{4F150A30-CECB-49D1-8283-6A3F57438CF5}.Release|x64.Build.0 = Release|x64
		{4F150A30-CECB-49D1-8283-6A3F57438CF5}.Release|x86.ActiveCfg = Release|Win32
		{4F150A30-CECB-49D1-8283-6A3F57438CF5}.Release|x86.Build.0 = Release|Win32
		{CA60AF2A-5C00-4DB2-B0C9-2B3534B8F712}.Debug|x64.ActiveCfg = Debug|x64
		{CA60AF2A-5C00-4DB2-B0C9-2B3534B8F712}.Debug|x64.Build.0 = Debug|x64
		{CA60AF2A-5C00-4DB2-B0C9-2B3534B8F712}.Debug|x86.ActiveCfg = Debug|Win32
		{CA60AF2A-5C00-4DB2-B0C9-2B3534B8F712}.Debug|x86.Build.0 = Debug|Win32
		{CA60AF2A-5C00-4DB2-B0C9-2B3534B8F712}.Release|x64.ActiveCfg = Release|x64
		{CA60AF2A-5C00-4DB2-B0C9-2B3534B8F712}.Release|x64.Build.0 = Release|x64
		{CA60AF2A-5C00-4DB2-B0C9-2B3534B8F712}.Release|x86.ActiveCfg = Release|Win32
		{CA60AF2A-5C00-4DB2-B0C9-2B3534B8F712}.Release|x86.Build.0 = Release|Win32
		{394E714C-0E3E-498A-89B8-6E045F082E75}.Debug|x64.ActiveCfg = Debug|x64
		{394E714C-0E3E-498A-89B8-6E045F082E75}.Debug|x64.Build.0 = Debug|x64
		{394E714C-0E3E-498A-89B8-6E045F082E75}.Debug|x86.ActiveCfg = Debug|Win32
		{394E714C-0E3E-498A-89B8-6E045F082E75}.Debug|x86.Build.0 = Debug|Win32
		{394E714C-0E3E-498A-89B8-6E045F082E75}.Release|x64.ActiveCfg = Release|x64
		{394E714C-0E3E-498A-89B8-6E045F082E75}.Release|x64.Build.0 = Release|x64
		{394E714C-0E3E-498A-89B8-6E045F082E75}.Release|x86.ActiveCfg = Release|Win32
		{394E714C-0E3E-498A-89B8-6E045F082E75}.Release|x86.Build.0 = Release|Win32
		{78FC2F56-FC2E-48CE-AD89-9203EB0D8E81}.Debug|x64.ActiveCfg = Debug|x64
		{78FC2F56-FC2E-48CE-AD89-9203EB0D8E81}.Debug|x64.Build.0 = Debug|x64
		{78FC2F56-FC2E-48CE-AD89-9203EB0D8E81}.Debug|x86.ActiveCfg = Debug|Win32
		{78FC2F56-FC2E-48CE-AD89-9203EB0D8E81}.Debug|x86.Build.0 = Debug|Win32
		{78FC2F56-FC2E-48CE-AD89-9203EB0D8E81}.Release|x64.ActiveCfg = Release|x64
		{78FC2F56-FC2E-48CE-AD89-9203EB0D8E81}.Release|x64.Build.0 = Release|x64
		{78FC2F56-FC2E-48CE-AD89-9203EB0D8E81}.Release|x86.ActiveCfg = Release|Win32
		{78FC2F56-FC2E-48CE-AD89-9203EB0D8E81}.Release|x86.Build.0 = Release|Win32
		{F8DE388D-F995-49AD-8EB7-1F19E5386C80}.Debug|x64.ActiveCfg = Debug|x64
		{F8DE388D-F995-49AD-8EB7-1F19E5386C80}.Debug|x64.Build.0 = Debug|x64
		{F8DE388D-F995-49AD-8EB7-1F19E5386C80}.Debug|x86.ActiveCfg = Debug|Win32
		{F8DE388D-F995-49AD-8EB7-1F19E5386C80}.Debug|x86.Build.0 = Debug|Win32
		{F8DE388D-F995-49AD-8EB7-1F19E5386C80}.Release|x64.ActiveCfg = Release|x64
		{F8DE388D-F995-49AD-8EB7-1F19E5386C80}.Release|x64.Build.0 = Release|x64
		{F8DE388D-F995-49AD-8EB7-1F19E5386C80}.Release|x86.ActiveCfg = Release|Win32
		{F8DE388D-F995-49AD-8EB7-1F19E5386C80}.Release|x86.Build.0 = Release|Win32
		{980BF05B-4D33-4D29-910A-D9E90D41934A}.Debug|x64.ActiveCfg = Debug|x64
		{980BF05B-4D33-4D29-910A-D9E90D41934A}.Debug|x64.Build.0 = Debug|x64
		{980BF05B-4D33-4D29-910A-D9E90D41934A}.Debug|x86.ActiveCfg = Debug|Win32
		{980BF05B-4D33-4D29-910A-D9E90D41934A}.Debug|x86.Build.0 = Debug|Win32
		{980BF05B-4D33-4D29-910A-D9E90D41934A}.Release|x64.ActiveCfg = Release|x64
		{980BF05B-4D33-4D29-910A-D9E90D41934A}.Release|x64.Build.0 = Release|x64
		{980BF05B-4D33-4D29-910A-D9E90D41934A}.Release|x86.ActiveCfg = Release|Win32
		{980BF05B-4D33-4D29-910A-D9E90D41934A}.Release|x86.Build.0 = Release|Win32
		{0D034612-14E2-44E7-993A-72344A2CA7BD}.Debug|x64.ActiveCfg = Debug|x64
		{0D034612-14E2-44E7-993A-72344A2CA7BD}.Debug|x64.Build.0 = Debug|x64
		{0D034612-14E2-44E7-993A-72344A2CA7BD}.Debug|x86.ActiveCfg = Debug|Win32
		{0D034612-14E2-44E7-993A-72344A2CA7BD}.Debug|x86.Build.0 = Debug|Win32
		{0D034612-14E2-44E7-993A-72344A2CA7BD}.Release|x64.ActiveCfg = Release|x64
		{0D034612-14E2-44E7-993A-72344A2CA7BD}.Release|x64.Build.0 = Release|x64
		{0D034612-14E2-44E7-993A-72344A2CA7BD}.Release|x86.ActiveCfg = Release|Win32
		{0D034612-14E2-44E7-993A-72344A2CA7BD}.Release|x86.Build.0 = Release|Win32
		{9B49278D-B734-4D7A-84DC-11C85F66229A}.Debug|x64.ActiveCfg = Debug|x64
		{9B49278D-B734-4D7A-84DC-11C85F66229A}.Debug|x64.Build.0 = Debug|x64
		{9B49278D-B734-4D7A-84DC-11C85F66229A}.Debug|x86.ActiveCfg = Debug|Win32
		{9B49278D-B734-4D7A-84DC-11C85F66229A}.Debug|x86.Build.0 = Debug|Win32
		{9B49278D-B734-4D7A-84DC-11C85F66229A}.Release|x64.ActiveCfg = Release|x64
		{9B49278D-B734-4D7A-84DC-11C85F66229A}.Release|x64.Build.0 = Release|x64
		{9B49278D-B734-4D7A-84DC-11C85F66229A}.Release|x86.ActiveCfg = Release|Win32
		{9B49278D-B734-4D7A-84DC-11C85F66229A}.Release|x86.Build.0 = Release|Win32
	EndGlobalSection
	GlobalSection(SolutionProperties) = preSolution
		HideSolutionNode = FALSE
	EndGlobalSection
	GlobalSection(NestedProjects) = preSolution
		{2A31C51B-68BD-4408-A0E8-9F5AFB77F227} = {881829A6-33A5-4B9A-854C-1EFC53FE3FF8}
		{FCEB8285-08F9-48A6-A185-839D890CD801} = {51E4C3C3-B8B9-4DDF-9C03-2E5789A607C7}
		{59201557-9D7E-434F-BCE0-6BA9DD8C50BB} = {565AA442-336C-4CE9-9BFF-95D18EFC77C8}
		{14C387BF-B9CB-496F-955B-9C1B7881DF1F} = {F2F10162-26CE-4F43-84CF-DD81C2348AEC}
		{21164DA1-0534-48B3-9001-D54E79B0FA81} = {565AA442-336C-4CE9-9BFF-95D18EFC77C8}
		{08C66A15-6096-4B85-A3F1-22771578F68C} = {565AA442-336C-4CE9-9BFF-95D18EFC77C8}
		{E0B52AE7-E160-4D32-BF3F-910B785E5A8E} = {8B8D3985-83A1-4CC3-BCF6-0B45CE8F8FA6}
		{41E47548-F0AF-4F7F-A2B6-8223DADAD51B} = {F2F10162-26CE-4F43-84CF-DD81C2348AEC}
		{3629F01A-6FED-42EB-B308-E9F7F1346EAF} = {565AA442-336C-4CE9-9BFF-95D18EFC77C8}
		{1898EDC1-A238-42F1-8089-CB5613881C97} = {F2F10162-26CE-4F43-84CF-DD81C2348AEC}
		{50E71F3D-9DB9-4F32-A510-D60781986911} = {96A8100A-9392-4B14-A8FC-98695208229E}
		{8CCC0BC5-7FDD-4EAC-91A9-D76A4012293B} = {F2F10162-26CE-4F43-84CF-DD81C2348AEC}
		{9E4CFF3A-289F-41DF-8256-3C58D6508098} = {F2F10162-26CE-4F43-84CF-DD81C2348AEC}
		{52D656A2-A2F4-4C54-A3C7-653427BED1E8} = {8B8D3985-83A1-4CC3-BCF6-0B45CE8F8FA6}
		{C6C2A385-5518-46CB-893E-BDE5EB40B900} = {F2F10162-26CE-4F43-84CF-DD81C2348AEC}
		{C8EBC13F-732D-49B1-AF3A-88D5A4F0B809} = {F2F10162-26CE-4F43-84CF-DD81C2348AEC}
		{8F0B1D9E-108F-4419-8E77-6D73737DF4A4} = {F2F10162-26CE-4F43-84CF-DD81C2348AEC}
		{94DFA4A6-3F79-4256-B80E-4498FE772923} = {90F09B85-3BB2-488B-8DFA-127259E7FA88}
		{E1710A50-FCBE-49A2-9F96-047DA3BACE2E} = {90F09B85-3BB2-488B-8DFA-127259E7FA88}
		{3995C90C-B246-4A7B-81FC-266CE05F1C80} = {3A03485D-E25B-426E-84FF-1499C98E392A}
		{AB91E736-E6B4-4298-8197-2C9C7EB26BDE} = {90F09B85-3BB2-488B-8DFA-127259E7FA88}
		{E693C3C1-2560-4538-9E99-B9FBE33F9DCC} = {90F09B85-3BB2-488B-8DFA-127259E7FA88}
		{9D8BAF99-DF98-424F-95DC-C452D08A20CB} = {90F09B85-3BB2-488B-8DFA-127259E7FA88}
		{6058C64E-75F8-4D2B-8E21-73EB6E370814} = {90F09B85-3BB2-488B-8DFA-127259E7FA88}
		{FB571A72-4783-4D22-BF8F-16D21019CC30} = {90F09B85-3BB2-488B-8DFA-127259E7FA88}
		{709558E9-20A7-435A-A25C-0CF84519E923} = {90F09B85-3BB2-488B-8DFA-127259E7FA88}
		{8179645F-327F-4057-B776-CB56898780A9} = {618CA939-EFA5-4679-A1A7-8001794D9915}
		{8CDE1AF0-B86E-497E-8A57-79863B7CBFF2} = {618CA939-EFA5-4679-A1A7-8001794D9915}
		{DD2962B1-3984-4777-98F6-0ABB7F8AB477} = {618CA939-EFA5-4679-A1A7-8001794D9915}
		{3C4E3523-988C-452E-9CBA-92875AD33331} = {618CA939-EFA5-4679-A1A7-8001794D9915}
		{516192EB-788A-4FE7-B2B7-2EF9AC036B12} = {8B8D3985-83A1-4CC3-BCF6-0B45CE8F8FA6}
		{DC1DE394-51FF-4C09-84FB-829FFE65648E} = {565AA442-336C-4CE9-9BFF-95D18EFC77C8}
		{556D0E71-1058-45A8-BC62-85CE55CDF424} = {618CA939-EFA5-4679-A1A7-8001794D9915}
		{DD9D3235-579D-4E3C-B65B-272C3EE2407A} = {618CA939-EFA5-4679-A1A7-8001794D9915}
		{81C93BB0-613A-4FE5-B728-A604FAE2D42F} = {618CA939-EFA5-4679-A1A7-8001794D9915}
		{F27AF855-20DA-4FB7-8650-6EC0468811B9} = {565AA442-336C-4CE9-9BFF-95D18EFC77C8}
		{BB97F422-5555-44FD-90BF-CC87C3799ED4} = {618CA939-EFA5-4679-A1A7-8001794D9915}
		{4F150A30-CECB-49D1-8283-6A3F57438CF5} = {8B8D3985-83A1-4CC3-BCF6-0B45CE8F8FA6}
		{CA60AF2A-5C00-4DB2-B0C9-2B3534B8F712} = {618CA939-EFA5-4679-A1A7-8001794D9915}
		{394E714C-0E3E-498A-89B8-6E045F082E75} = {94895D59-B49B-4C72-BE80-D477A8E152F8}
		{78FC2F56-FC2E-48CE-AD89-9203EB0D8E81} = {94895D59-B49B-4C72-BE80-D477A8E152F8}
		{30C9810F-CD00-404F-ABAD-247E667C9E32} = {96A8100A-9392-4B14-A8FC-98695208229E}
		{F8DE388D-F995-49AD-8EB7-1F19E5386C80} = {94895D59-B49B-4C72-BE80-D477A8E152F8}
		{980BF05B-4D33-4D29-910A-D9E90D41934A} = {94895D59-B49B-4C72-BE80-D477A8E152F8}
		{0D034612-14E2-44E7-993A-72344A2CA7BD} = {8B8D3985-83A1-4CC3-BCF6-0B45CE8F8FA6}
		{8FFE5249-C928-453E-810C-5FAF388A66CC} = {30C9810F-CD00-404F-ABAD-247E667C9E32}
		{3FD1C5BD-8FF6-4C94-BB6F-B1B5EA254746} = {30C9810F-CD00-404F-ABAD-247E667C9E32}
		{9B49278D-B734-4D7A-84DC-11C85F66229A} = {94895D59-B49B-4C72-BE80-D477A8E152F8}
	EndGlobalSection
	GlobalSection(ExtensibilityGlobals) = postSolution
		SolutionGuid = {E4FB7743-29E0-4790-9AF3-4645E035E654}
	EndGlobalSection
EndGlobal
