
Microsoft Visual Studio Solution File, Format Version 12.00
# Visual Studio Version 17
VisualStudioVersion = 17.4.33213.308
MinimumVisualStudioVersion = 10.0.40219.1
Project("{2150E333-8FDC-42A3-9474-1A3956D46DE8}") = "Engine", "Engine", "{51E4C3C3-B8B9-4DDF-9C03-2E5789A607C7}"
EndProject
Project("{2150E333-8FDC-42A3-9474-1A3956D46DE8}") = "Framework", "Framework", "{565AA442-336C-4CE9-9BFF-95D18EFC77C8}"
EndProject
Project("{2150E333-8FDC-42A3-9474-1A3956D46DE8}") = "VSProps", "VSProps", "{881829A6-33A5-4B9A-854C-1EFC53FE3FF8}"
	ProjectSection(SolutionItems) = preProject
		VSProps\EngineLib.props = VSProps\EngineLib.props
		VSProps\FrameworkLib.props = VSProps\FrameworkLib.props
		VSProps\TEngine.props = VSProps\TEngine.props
	EndProjectSection
EndProject
Project("{2150E333-8FDC-42A3-9474-1A3956D46DE8}") = "Common", "Common", "{2A31C51B-68BD-4408-A0E8-9F5AFB77F227}"
	ProjectSection(SolutionItems) = preProject
		VSProps\Common\Common.props = VSProps\Common\Common.props
		VSProps\Common\Library.props = VSProps\Common\Library.props
	EndProjectSection
EndProject
Project("{8BC9CEB8-8B4A-11D0-8D11-00A0C91BC942}") = "TEngine", "Engine\TEngine\TEngine.vcxproj", "{FCEB8285-08F9-48A6-A185-839D890CD801}"
EndProject
Project("{8BC9CEB8-8B4A-11D0-8D11-00A0C91BC942}") = "Core", "Framework\Core\Core.vcxproj", "{59201557-9D7E-434F-BCE0-6BA9DD8C50BB}"
EndProject
Project("{2150E333-8FDC-42A3-9474-1A3956D46DE8}") = "VGP242", "VGP242", "{F2F10162-26CE-4F43-84CF-DD81C2348AEC}"
EndProject
Project("{8BC9CEB8-8B4A-11D0-8D11-00A0C91BC942}") = "01_HelloWindow", "VGP242\01_HelloWindow\01_HelloWindow.vcxproj", "{14C387BF-B9CB-496F-955B-9C1B7881DF1F}"
EndProject
Project("{8BC9CEB8-8B4A-11D0-8D11-00A0C91BC942}") = "Math", "Framework\Math\Math.vcxproj", "{21164DA1-0534-48B3-9001-D54E79B0FA81}"
EndProject
Project("{8BC9CEB8-8B4A-11D0-8D11-00A0C91BC942}") = "Graphics", "Framework\Graphics\Graphics.vcxproj", "{08C66A15-6096-4B85-A3F1-22771578F68C}"
EndProject
Project("{2150E333-8FDC-42A3-9474-1A3956D46DE8}") = "External", "External", "{8B8D3985-83A1-4CC3-BCF6-0B45CE8F8FA6}"
EndProject
Project("{8BC9CEB8-8B4A-11D0-8D11-00A0C91BC942}") = "DirectXTK_Desktop_2019", "External\DirectXTK\DirectXTK_Desktop_2019.vcxproj", "{E0B52AE7-E160-4D32-BF3F-910B785E5A8E}"
EndProject
Project("{8BC9CEB8-8B4A-11D0-8D11-00A0C91BC942}") = "02_HelloShape", "VGP242\02_HelloShape\02_HelloShape.vcxproj", "{41E47548-F0AF-4F7F-A2B6-8223DADAD51B}"
EndProject
Project("{8BC9CEB8-8B4A-11D0-8D11-00A0C91BC942}") = "Input", "Framework\Input\Input.vcxproj", "{3629F01A-6FED-42EB-B308-E9F7F1346EAF}"
EndProject
Project("{2150E333-8FDC-42A3-9474-1A3956D46DE8}") = "Assets", "Assets", "{96A8100A-9392-4B14-A8FC-98695208229E}"
EndProject
Project("{8BC9CEB8-8B4A-11D0-8D11-00A0C91BC942}") = "03_HelloCube", "VGP242\03_HelloCube\03_HelloCube.vcxproj", "{1898EDC1-A238-42F1-8089-CB5613881C97}"
EndProject
Project("{2150E333-8FDC-42A3-9474-1A3956D46DE8}") = "Shaders", "Shaders", "{50E71F3D-9DB9-4F32-A510-D60781986911}"
	ProjectSection(SolutionItems) = preProject
		Assets\Shaders\DoSomething.fx = Assets\Shaders\DoSomething.fx
		Assets\Shaders\DoTexturing.fx = Assets\Shaders\DoTexturing.fx
		Assets\Shaders\DoTransform.fx = Assets\Shaders\DoTransform.fx
		Standard.fx = Standard.fx
	EndProjectSection
EndProject
Project("{8BC9CEB8-8B4A-11D0-8D11-00A0C91BC942}") = "04_HelloMeshBuilder", "VGP242\04_HelloMeshBuilder\04_HelloMeshBuilder.vcxproj", "{8CCC0BC5-7FDD-4EAC-91A9-D76A4012293B}"
EndProject
Project("{8BC9CEB8-8B4A-11D0-8D11-00A0C91BC942}") = "05_HelloSimpleDraw", "VGP242\05_HelloSimpleDraw\05_HelloSimpleDraw.vcxproj", "{9E4CFF3A-289F-41DF-8256-3C58D6508098}"
EndProject
Project("{8BC9CEB8-8B4A-11D0-8D11-00A0C91BC942}") = "ImGui", "External\ImGui\ImGui.vcxproj", "{52D656A2-A2F4-4C54-A3C7-653427BED1E8}"
EndProject
Project("{8BC9CEB8-8B4A-11D0-8D11-00A0C91BC942}") = "06_HelloImGui", "VGP242\06_HelloImGui\06_HelloImGui.vcxproj", "{C6C2A385-5518-46CB-893E-BDE5EB40B900}"
EndProject
Project("{8BC9CEB8-8B4A-11D0-8D11-00A0C91BC942}") = "Final_SolarSystem", "VGP242\Final_SolarSystem\Final_SolarSystem.vcxproj", "{C8EBC13F-732D-49B1-AF3A-88D5A4F0B809}"
EndProject
Project("{8BC9CEB8-8B4A-11D0-8D11-00A0C91BC942}") = "07_HelloRenderTarget", "VGP242\07_HelloRenderTarget\07_HelloRenderTarget.vcxproj", "{8F0B1D9E-108F-4419-8E77-6D73737DF4A4}"
EndProject
Project("{2150E333-8FDC-42A3-9474-1A3956D46DE8}") = "VGP330", "VGP330", "{90F09B85-3BB2-488B-8DFA-127259E7FA88}"
EndProject
Project("{8BC9CEB8-8B4A-11D0-8D11-00A0C91BC942}") = "08_HelloLighting", "VGP330\08_HelloLighting\08_HelloLighting.vcxproj", "{94DFA4A6-3F79-4256-B80E-4498FE772923}"
EndProject
Global
	GlobalSection(SolutionConfigurationPlatforms) = preSolution
		Debug|x64 = Debug|x64
		Debug|x86 = Debug|x86
		Release|x64 = Release|x64
		Release|x86 = Release|x86
	EndGlobalSection
	GlobalSection(ProjectConfigurationPlatforms) = postSolution
		{FCEB8285-08F9-48A6-A185-839D890CD801}.Debug|x64.ActiveCfg = Debug|x64
		{FCEB8285-08F9-48A6-A185-839D890CD801}.Debug|x64.Build.0 = Debug|x64
		{FCEB8285-08F9-48A6-A185-839D890CD801}.Debug|x86.ActiveCfg = Debug|Win32
		{FCEB8285-08F9-48A6-A185-839D890CD801}.Debug|x86.Build.0 = Debug|Win32
		{FCEB8285-08F9-48A6-A185-839D890CD801}.Release|x64.ActiveCfg = Release|x64
		{FCEB8285-08F9-48A6-A185-839D890CD801}.Release|x64.Build.0 = Release|x64
		{FCEB8285-08F9-48A6-A185-839D890CD801}.Release|x86.ActiveCfg = Release|Win32
		{FCEB8285-08F9-48A6-A185-839D890CD801}.Release|x86.Build.0 = Release|Win32
		{59201557-9D7E-434F-BCE0-6BA9DD8C50BB}.Debug|x64.ActiveCfg = Debug|x64
		{59201557-9D7E-434F-BCE0-6BA9DD8C50BB}.Debug|x64.Build.0 = Debug|x64
		{59201557-9D7E-434F-BCE0-6BA9DD8C50BB}.Debug|x86.ActiveCfg = Debug|Win32
		{59201557-9D7E-434F-BCE0-6BA9DD8C50BB}.Debug|x86.Build.0 = Debug|Win32
		{59201557-9D7E-434F-BCE0-6BA9DD8C50BB}.Release|x64.ActiveCfg = Release|x64
		{59201557-9D7E-434F-BCE0-6BA9DD8C50BB}.Release|x64.Build.0 = Release|x64
		{59201557-9D7E-434F-BCE0-6BA9DD8C50BB}.Release|x86.ActiveCfg = Release|Win32
		{59201557-9D7E-434F-BCE0-6BA9DD8C50BB}.Release|x86.Build.0 = Release|Win32
		{14C387BF-B9CB-496F-955B-9C1B7881DF1F}.Debug|x64.ActiveCfg = Debug|x64
		{14C387BF-B9CB-496F-955B-9C1B7881DF1F}.Debug|x64.Build.0 = Debug|x64
		{14C387BF-B9CB-496F-955B-9C1B7881DF1F}.Debug|x86.ActiveCfg = Debug|Win32
		{14C387BF-B9CB-496F-955B-9C1B7881DF1F}.Debug|x86.Build.0 = Debug|Win32
		{14C387BF-B9CB-496F-955B-9C1B7881DF1F}.Release|x64.ActiveCfg = Release|x64
		{14C387BF-B9CB-496F-955B-9C1B7881DF1F}.Release|x64.Build.0 = Release|x64
		{14C387BF-B9CB-496F-955B-9C1B7881DF1F}.Release|x86.ActiveCfg = Release|Win32
		{14C387BF-B9CB-496F-955B-9C1B7881DF1F}.Release|x86.Build.0 = Release|Win32
		{21164DA1-0534-48B3-9001-D54E79B0FA81}.Debug|x64.ActiveCfg = Debug|x64
		{21164DA1-0534-48B3-9001-D54E79B0FA81}.Debug|x64.Build.0 = Debug|x64
		{21164DA1-0534-48B3-9001-D54E79B0FA81}.Debug|x86.ActiveCfg = Debug|Win32
		{21164DA1-0534-48B3-9001-D54E79B0FA81}.Debug|x86.Build.0 = Debug|Win32
		{21164DA1-0534-48B3-9001-D54E79B0FA81}.Release|x64.ActiveCfg = Release|x64
		{21164DA1-0534-48B3-9001-D54E79B0FA81}.Release|x64.Build.0 = Release|x64
		{21164DA1-0534-48B3-9001-D54E79B0FA81}.Release|x86.ActiveCfg = Release|Win32
		{21164DA1-0534-48B3-9001-D54E79B0FA81}.Release|x86.Build.0 = Release|Win32
		{08C66A15-6096-4B85-A3F1-22771578F68C}.Debug|x64.ActiveCfg = Debug|x64
		{08C66A15-6096-4B85-A3F1-22771578F68C}.Debug|x64.Build.0 = Debug|x64
		{08C66A15-6096-4B85-A3F1-22771578F68C}.Debug|x86.ActiveCfg = Debug|Win32
		{08C66A15-6096-4B85-A3F1-22771578F68C}.Debug|x86.Build.0 = Debug|Win32
		{08C66A15-6096-4B85-A3F1-22771578F68C}.Release|x64.ActiveCfg = Release|x64
		{08C66A15-6096-4B85-A3F1-22771578F68C}.Release|x64.Build.0 = Release|x64
		{08C66A15-6096-4B85-A3F1-22771578F68C}.Release|x86.ActiveCfg = Release|Win32
		{08C66A15-6096-4B85-A3F1-22771578F68C}.Release|x86.Build.0 = Release|Win32
		{E0B52AE7-E160-4D32-BF3F-910B785E5A8E}.Debug|x64.ActiveCfg = Debug|x64
		{E0B52AE7-E160-4D32-BF3F-910B785E5A8E}.Debug|x64.Build.0 = Debug|x64
		{E0B52AE7-E160-4D32-BF3F-910B785E5A8E}.Debug|x86.ActiveCfg = Debug|Win32
		{E0B52AE7-E160-4D32-BF3F-910B785E5A8E}.Debug|x86.Build.0 = Debug|Win32
		{E0B52AE7-E160-4D32-BF3F-910B785E5A8E}.Release|x64.ActiveCfg = Release|x64
		{E0B52AE7-E160-4D32-BF3F-910B785E5A8E}.Release|x64.Build.0 = Release|x64
		{E0B52AE7-E160-4D32-BF3F-910B785E5A8E}.Release|x86.ActiveCfg = Release|Win32
		{E0B52AE7-E160-4D32-BF3F-910B785E5A8E}.Release|x86.Build.0 = Release|Win32
		{41E47548-F0AF-4F7F-A2B6-8223DADAD51B}.Debug|x64.ActiveCfg = Debug|x64
		{41E47548-F0AF-4F7F-A2B6-8223DADAD51B}.Debug|x64.Build.0 = Debug|x64
		{41E47548-F0AF-4F7F-A2B6-8223DADAD51B}.Debug|x86.ActiveCfg = Debug|Win32
		{41E47548-F0AF-4F7F-A2B6-8223DADAD51B}.Debug|x86.Build.0 = Debug|Win32
		{41E47548-F0AF-4F7F-A2B6-8223DADAD51B}.Release|x64.ActiveCfg = Release|x64
		{41E47548-F0AF-4F7F-A2B6-8223DADAD51B}.Release|x64.Build.0 = Release|x64
		{41E47548-F0AF-4F7F-A2B6-8223DADAD51B}.Release|x86.ActiveCfg = Release|Win32
		{41E47548-F0AF-4F7F-A2B6-8223DADAD51B}.Release|x86.Build.0 = Release|Win32
		{3629F01A-6FED-42EB-B308-E9F7F1346EAF}.Debug|x64.ActiveCfg = Debug|x64
		{3629F01A-6FED-42EB-B308-E9F7F1346EAF}.Debug|x64.Build.0 = Debug|x64
		{3629F01A-6FED-42EB-B308-E9F7F1346EAF}.Debug|x86.ActiveCfg = Debug|Win32
		{3629F01A-6FED-42EB-B308-E9F7F1346EAF}.Debug|x86.Build.0 = Debug|Win32
		{3629F01A-6FED-42EB-B308-E9F7F1346EAF}.Release|x64.ActiveCfg = Release|x64
		{3629F01A-6FED-42EB-B308-E9F7F1346EAF}.Release|x64.Build.0 = Release|x64
		{3629F01A-6FED-42EB-B308-E9F7F1346EAF}.Release|x86.ActiveCfg = Release|Win32
		{3629F01A-6FED-42EB-B308-E9F7F1346EAF}.Release|x86.Build.0 = Release|Win32
		{1898EDC1-A238-42F1-8089-CB5613881C97}.Debug|x64.ActiveCfg = Debug|x64
		{1898EDC1-A238-42F1-8089-CB5613881C97}.Debug|x64.Build.0 = Debug|x64
		{1898EDC1-A238-42F1-8089-CB5613881C97}.Debug|x86.ActiveCfg = Debug|Win32
		{1898EDC1-A238-42F1-8089-CB5613881C97}.Debug|x86.Build.0 = Debug|Win32
		{1898EDC1-A238-42F1-8089-CB5613881C97}.Release|x64.ActiveCfg = Release|x64
		{1898EDC1-A238-42F1-8089-CB5613881C97}.Release|x64.Build.0 = Release|x64
		{1898EDC1-A238-42F1-8089-CB5613881C97}.Release|x86.ActiveCfg = Release|Win32
		{1898EDC1-A238-42F1-8089-CB5613881C97}.Release|x86.Build.0 = Release|Win32
		{8CCC0BC5-7FDD-4EAC-91A9-D76A4012293B}.Debug|x64.ActiveCfg = Debug|x64
		{8CCC0BC5-7FDD-4EAC-91A9-D76A4012293B}.Debug|x64.Build.0 = Debug|x64
		{8CCC0BC5-7FDD-4EAC-91A9-D76A4012293B}.Debug|x86.ActiveCfg = Debug|Win32
		{8CCC0BC5-7FDD-4EAC-91A9-D76A4012293B}.Debug|x86.Build.0 = Debug|Win32
		{8CCC0BC5-7FDD-4EAC-91A9-D76A4012293B}.Release|x64.ActiveCfg = Release|x64
		{8CCC0BC5-7FDD-4EAC-91A9-D76A4012293B}.Release|x64.Build.0 = Release|x64
		{8CCC0BC5-7FDD-4EAC-91A9-D76A4012293B}.Release|x86.ActiveCfg = Release|Win32
		{8CCC0BC5-7FDD-4EAC-91A9-D76A4012293B}.Release|x86.Build.0 = Release|Win32
		{9E4CFF3A-289F-41DF-8256-3C58D6508098}.Debug|x64.ActiveCfg = Debug|x64
		{9E4CFF3A-289F-41DF-8256-3C58D6508098}.Debug|x64.Build.0 = Debug|x64
		{9E4CFF3A-289F-41DF-8256-3C58D6508098}.Debug|x86.ActiveCfg = Debug|Win32
		{9E4CFF3A-289F-41DF-8256-3C58D6508098}.Debug|x86.Build.0 = Debug|Win32
		{9E4CFF3A-289F-41DF-8256-3C58D6508098}.Release|x64.ActiveCfg = Release|x64
		{9E4CFF3A-289F-41DF-8256-3C58D6508098}.Release|x64.Build.0 = Release|x64
		{9E4CFF3A-289F-41DF-8256-3C58D6508098}.Release|x86.ActiveCfg = Release|Win32
		{9E4CFF3A-289F-41DF-8256-3C58D6508098}.Release|x86.Build.0 = Release|Win32
		{52D656A2-A2F4-4C54-A3C7-653427BED1E8}.Debug|x64.ActiveCfg = Debug|x64
		{52D656A2-A2F4-4C54-A3C7-653427BED1E8}.Debug|x64.Build.0 = Debug|x64
		{52D656A2-A2F4-4C54-A3C7-653427BED1E8}.Debug|x86.ActiveCfg = Debug|Win32
		{52D656A2-A2F4-4C54-A3C7-653427BED1E8}.Debug|x86.Build.0 = Debug|Win32
		{52D656A2-A2F4-4C54-A3C7-653427BED1E8}.Release|x64.ActiveCfg = Release|x64
		{52D656A2-A2F4-4C54-A3C7-653427BED1E8}.Release|x64.Build.0 = Release|x64
		{52D656A2-A2F4-4C54-A3C7-653427BED1E8}.Release|x86.ActiveCfg = Release|Win32
		{52D656A2-A2F4-4C54-A3C7-653427BED1E8}.Release|x86.Build.0 = Release|Win32
		{C6C2A385-5518-46CB-893E-BDE5EB40B900}.Debug|x64.ActiveCfg = Debug|x64
		{C6C2A385-5518-46CB-893E-BDE5EB40B900}.Debug|x64.Build.0 = Debug|x64
		{C6C2A385-5518-46CB-893E-BDE5EB40B900}.Debug|x86.ActiveCfg = Debug|Win32
		{C6C2A385-5518-46CB-893E-BDE5EB40B900}.Debug|x86.Build.0 = Debug|Win32
		{C6C2A385-5518-46CB-893E-BDE5EB40B900}.Release|x64.ActiveCfg = Release|x64
		{C6C2A385-5518-46CB-893E-BDE5EB40B900}.Release|x64.Build.0 = Release|x64
		{C6C2A385-5518-46CB-893E-BDE5EB40B900}.Release|x86.ActiveCfg = Release|Win32
		{C6C2A385-5518-46CB-893E-BDE5EB40B900}.Release|x86.Build.0 = Release|Win32
		{C8EBC13F-732D-49B1-AF3A-88D5A4F0B809}.Debug|x64.ActiveCfg = Debug|x64
		{C8EBC13F-732D-49B1-AF3A-88D5A4F0B809}.Debug|x64.Build.0 = Debug|x64
		{C8EBC13F-732D-49B1-AF3A-88D5A4F0B809}.Debug|x86.ActiveCfg = Debug|Win32
		{C8EBC13F-732D-49B1-AF3A-88D5A4F0B809}.Debug|x86.Build.0 = Debug|Win32
		{C8EBC13F-732D-49B1-AF3A-88D5A4F0B809}.Release|x64.ActiveCfg = Release|x64
		{C8EBC13F-732D-49B1-AF3A-88D5A4F0B809}.Release|x64.Build.0 = Release|x64
		{C8EBC13F-732D-49B1-AF3A-88D5A4F0B809}.Release|x86.ActiveCfg = Release|Win32
		{C8EBC13F-732D-49B1-AF3A-88D5A4F0B809}.Release|x86.Build.0 = Release|Win32
		{8F0B1D9E-108F-4419-8E77-6D73737DF4A4}.Debug|x64.ActiveCfg = Debug|x64
		{8F0B1D9E-108F-4419-8E77-6D73737DF4A4}.Debug|x64.Build.0 = Debug|x64
		{8F0B1D9E-108F-4419-8E77-6D73737DF4A4}.Debug|x86.ActiveCfg = Debug|Win32
		{8F0B1D9E-108F-4419-8E77-6D73737DF4A4}.Debug|x86.Build.0 = Debug|Win32
		{8F0B1D9E-108F-4419-8E77-6D73737DF4A4}.Release|x64.ActiveCfg = Release|x64
		{8F0B1D9E-108F-4419-8E77-6D73737DF4A4}.Release|x64.Build.0 = Release|x64
		{8F0B1D9E-108F-4419-8E77-6D73737DF4A4}.Release|x86.ActiveCfg = Release|Win32
		{8F0B1D9E-108F-4419-8E77-6D73737DF4A4}.Release|x86.Build.0 = Release|Win32
		{94DFA4A6-3F79-4256-B80E-4498FE772923}.Debug|x64.ActiveCfg = Debug|x64
		{94DFA4A6-3F79-4256-B80E-4498FE772923}.Debug|x64.Build.0 = Debug|x64
		{94DFA4A6-3F79-4256-B80E-4498FE772923}.Debug|x86.ActiveCfg = Debug|Win32
		{94DFA4A6-3F79-4256-B80E-4498FE772923}.Debug|x86.Build.0 = Debug|Win32
		{94DFA4A6-3F79-4256-B80E-4498FE772923}.Release|x64.ActiveCfg = Release|x64
		{94DFA4A6-3F79-4256-B80E-4498FE772923}.Release|x64.Build.0 = Release|x64
		{94DFA4A6-3F79-4256-B80E-4498FE772923}.Release|x86.ActiveCfg = Release|Win32
		{94DFA4A6-3F79-4256-B80E-4498FE772923}.Release|x86.Build.0 = Release|Win32
	EndGlobalSection
	GlobalSection(SolutionProperties) = preSolution
		HideSolutionNode = FALSE
	EndGlobalSection
	GlobalSection(NestedProjects) = preSolution
		{2A31C51B-68BD-4408-A0E8-9F5AFB77F227} = {881829A6-33A5-4B9A-854C-1EFC53FE3FF8}
		{FCEB8285-08F9-48A6-A185-839D890CD801} = {51E4C3C3-B8B9-4DDF-9C03-2E5789A607C7}
		{59201557-9D7E-434F-BCE0-6BA9DD8C50BB} = {565AA442-336C-4CE9-9BFF-95D18EFC77C8}
		{14C387BF-B9CB-496F-955B-9C1B7881DF1F} = {F2F10162-26CE-4F43-84CF-DD81C2348AEC}
		{21164DA1-0534-48B3-9001-D54E79B0FA81} = {565AA442-336C-4CE9-9BFF-95D18EFC77C8}
		{08C66A15-6096-4B85-A3F1-22771578F68C} = {565AA442-336C-4CE9-9BFF-95D18EFC77C8}
		{E0B52AE7-E160-4D32-BF3F-910B785E5A8E} = {8B8D3985-83A1-4CC3-BCF6-0B45CE8F8FA6}
		{41E47548-F0AF-4F7F-A2B6-8223DADAD51B} = {F2F10162-26CE-4F43-84CF-DD81C2348AEC}
		{3629F01A-6FED-42EB-B308-E9F7F1346EAF} = {565AA442-336C-4CE9-9BFF-95D18EFC77C8}
		{1898EDC1-A238-42F1-8089-CB5613881C97} = {F2F10162-26CE-4F43-84CF-DD81C2348AEC}
		{50E71F3D-9DB9-4F32-A510-D60781986911} = {96A8100A-9392-4B14-A8FC-98695208229E}
		{8CCC0BC5-7FDD-4EAC-91A9-D76A4012293B} = {F2F10162-26CE-4F43-84CF-DD81C2348AEC}
		{9E4CFF3A-289F-41DF-8256-3C58D6508098} = {F2F10162-26CE-4F43-84CF-DD81C2348AEC}
		{52D656A2-A2F4-4C54-A3C7-653427BED1E8} = {8B8D3985-83A1-4CC3-BCF6-0B45CE8F8FA6}
		{C6C2A385-5518-46CB-893E-BDE5EB40B900} = {F2F10162-26CE-4F43-84CF-DD81C2348AEC}
		{C8EBC13F-732D-49B1-AF3A-88D5A4F0B809} = {F2F10162-26CE-4F43-84CF-DD81C2348AEC}
		{8F0B1D9E-108F-4419-8E77-6D73737DF4A4} = {F2F10162-26CE-4F43-84CF-DD81C2348AEC}
		{94DFA4A6-3F79-4256-B80E-4498FE772923} = {90F09B85-3BB2-488B-8DFA-127259E7FA88}
	EndGlobalSection
	GlobalSection(ExtensibilityGlobals) = postSolution
		SolutionGuid = {E4FB7743-29E0-4790-9AF3-4645E035E654}
	EndGlobalSection
EndGlobal
