<?xml version="1.0" encoding="utf-8"?>
<Project ToolsVersion="4.0" xmlns="http://schemas.microsoft.com/developer/msbuild/2003">
  <ItemGroup>
    <Filter Include="Inc">
      <UniqueIdentifier>{adf38949-96d7-4f7a-a686-0471be2116e6}</UniqueIdentifier>
    </Filter>
    <Filter Include="Src">
      <UniqueIdentifier>{36715356-2837-4b43-bcf9-0e2af09f90a6}</UniqueIdentifier>
    </Filter>
  </ItemGroup>
  <ItemGroup>
    <ClInclude Include="..\Framework\Core\Inc\Core.h">
      <Filter>Inc</Filter>
    </ClInclude>
    <ClInclude Include="..\Framework\Core\Inc\Common.h">
      <Filter>Inc</Filter>
    </ClInclude>
    <ClInclude Include="..\Framework\Core\Src\Precompiled.h">
      <Filter>Src</Filter>
    </ClInclude>
  </ItemGroup>
  <ItemGroup>
    <ClCompile Include="..\Framework\Core\Src\Precompiled.cpp">
      <Filter>Src</Filter>
    </ClCompile>
  </ItemGroup>
</Project>