<?xml version="1.0" encoding="utf-8"?>
<Project ToolsVersion="4.0" xmlns="http://schemas.microsoft.com/developer/msbuild/2003">
  <ItemGroup>
    <Filter Include="Inc">
      <UniqueIdentifier>{cefb53e9-74db-4a16-aa43-f4daba677c39}</UniqueIdentifier>
    </Filter>
    <Filter Include="Src">
      <UniqueIdentifier>{abbebb66-78ef-43cd-bec8-08d1fa66429a}</UniqueIdentifier>
    </Filter>
    <Filter Include="Inc\Component">
      <UniqueIdentifier>{1980301d-f8c5-4435-841e-db876b1bcd52}</UniqueIdentifier>
    </Filter>
    <Filter Include="Inc\Service">
      <UniqueIdentifier>{a7ef5998-e592-460c-b7cc-cdd10330f0e4}</UniqueIdentifier>
    </Filter>
    <Filter Include="Src\Component">
      <UniqueIdentifier>{5ea8e67b-47c7-45e6-81d7-531424572f85}</UniqueIdentifier>
    </Filter>
    <Filter Include="Src\Service">
      <UniqueIdentifier>{9e19626d-c3f6-4f85-a77c-fa92d14ccbdb}</UniqueIdentifier>
    </Filter>
  </ItemGroup>
  <ItemGroup>
    <ClInclude Include="Inc\Common.h">
      <Filter>Inc</Filter>
    </ClInclude>
    <ClInclude Include="Src\Precompiled.h">
      <Filter>Src</Filter>
    </ClInclude>
    <ClInclude Include="Inc\TEngine.h">
      <Filter>Inc</Filter>
    </ClInclude>
    <ClInclude Include="Inc\App.h">
      <Filter>Inc</Filter>
    </ClInclude>
    <ClInclude Include="Inc\AppState.h">
      <Filter>Inc</Filter>
    </ClInclude>
    <ClInclude Include="Inc\EventManager.h">
      <Filter>Inc</Filter>
    </ClInclude>
    <ClInclude Include="Inc\Event.h">
      <Filter>Inc</Filter>
    </ClInclude>
    <ClInclude Include="inc\GameObject.h">
      <Filter>Inc</Filter>
    </ClInclude>
    <ClInclude Include="inc\TypeIds.h">
      <Filter>Inc</Filter>
    </ClInclude>
    <ClInclude Include="inc\GameWorld.h">
      <Filter>Inc</Filter>
    </ClInclude>
    <ClInclude Include="inc\FPSCameraComponent.h">
      <Filter>Inc\Component</Filter>
    </ClInclude>
    <ClInclude Include="inc\CameraComponent.h">
      <Filter>Inc\Component</Filter>
    </ClInclude>
    <ClInclude Include="inc\Component.h">
      <Filter>Inc\Component</Filter>
    </ClInclude>
    <ClInclude Include="inc\TransformComponent.h">
      <Filter>Inc\Component</Filter>
    </ClInclude>
    <ClInclude Include="inc\Service.h">
      <Filter>Inc\Service</Filter>
    </ClInclude>
    <ClInclude Include="inc\CameraService.h">
      <Filter>Inc\Service</Filter>
    </ClInclude>
    <ClInclude Include="Inc\GameObjectFactory.h">
      <Filter>Inc</Filter>
    </ClInclude>
    <ClInclude Include="inc\SaveUtil.h">
      <Filter>Inc</Filter>
    </ClInclude>
    <ClInclude Include="inc\MeshComponent.h">
      <Filter>Inc\Component</Filter>
    </ClInclude>
    <ClInclude Include="inc\RenderObjectComponent.h">
      <Filter>Inc\Component</Filter>
    </ClInclude>
    <ClInclude Include="inc\RenderService.h">
      <Filter>Inc\Service</Filter>
    </ClInclude>
    <ClInclude Include="inc\GameObjectHandle.h">
      <Filter>Inc</Filter>
    </ClInclude>
    <ClInclude Include="inc\ModelComponent.h">
      <Filter>Inc\Component</Filter>
    </ClInclude>
    <ClInclude Include="inc\AnimatorComponent.h">
      <Filter>Inc\Component</Filter>
    </ClInclude>
    <ClInclude Include="inc\PhysicsService.h">
      <Filter>Inc\Service</Filter>
    </ClInclude>
    <ClInclude Include="inc\RigidBodyComponent.h">
      <Filter>Inc\Component</Filter>
    </ClInclude>
    <ClInclude Include="inc\SoundBankComponent.h">
      <Filter>Inc\Component</Filter>
    </ClInclude>
    <ClInclude Include="inc\SoundEffectComponent.h">
      <Filter>Inc\Component</Filter>
    </ClInclude>
    <ClInclude Include="UIComponent.h">
      <Filter>Inc\Component</Filter>
    </ClInclude>
    <ClInclude Include="inc\UIRenderService.h">
      <Filter>Inc\Service</Filter>
    </ClInclude>
    <ClInclude Include="inc\UISpriteComponent.h">
      <Filter>Inc\Component</Filter>
    </ClInclude>
    <ClInclude Include="inc\UITextComponent.h">
      <Filter>Inc\Component</Filter>
    </ClInclude>
    <ClInclude Include="inc\UIButtonComponent.h">
      <Filter>Inc\Component</Filter>
    </ClInclude>
  </ItemGroup>
  <ItemGroup>
    <ClCompile Include="Src\Precompiled.cpp">
      <Filter>Src</Filter>
    </ClCompile>
    <ClCompile Include="Src\App.cpp">
      <Filter>Src</Filter>
    </ClCompile>
    <ClCompile Include="Src\TEngine.cpp">
      <Filter>Src</Filter>
    </ClCompile>
    <ClCompile Include="Src\EventManager.cpp">
      <Filter>Src</Filter>
    </ClCompile>
    <ClCompile Include="src\GameObject.cpp">
      <Filter>Src</Filter>
    </ClCompile>
    <ClCompile Include="src\GameWorld.cpp">
      <Filter>Src</Filter>
    </ClCompile>
    <ClCompile Include="src\CameraComponent.cpp">
      <Filter>Src\Component</Filter>
    </ClCompile>
    <ClCompile Include="src\FPSCameraComponent.cpp">
      <Filter>Src\Component</Filter>
    </ClCompile>
    <ClCompile Include="src\TransformComponent.cpp">
      <Filter>Src\Component</Filter>
    </ClCompile>
    <ClCompile Include="Src\CameraService.cpp">
      <Filter>Src\Service</Filter>
    </ClCompile>
    <ClCompile Include="Src\GameObjectFactory.cpp">
      <Filter>Src</Filter>
    </ClCompile>
    <ClCompile Include="src\SaveUtil.cpp">
      <Filter>Src</Filter>
    </ClCompile>
    <ClCompile Include="src\MeshComponent.cpp">
      <Filter>Src\Component</Filter>
    </ClCompile>
    <ClCompile Include="Src\RenderObjectComponent.cpp">
      <Filter>Src\Component</Filter>
    </ClCompile>
    <ClCompile Include="src\RenderService.cpp">
      <Filter>Src\Service</Filter>
    </ClCompile>
    <ClCompile Include="src\AnimatorComponent.cpp">
      <Filter>Src\Component</Filter>
    </ClCompile>
    <ClCompile Include="src\ModelComponent.cpp">
      <Filter>Src\Component</Filter>
    </ClCompile>
    <ClCompile Include="src\PhysicsService.cpp">
      <Filter>Src\Service</Filter>
    </ClCompile>
    <ClCompile Include="src\RigidBodyComponent.cpp">
      <Filter>Src\Component</Filter>
    </ClCompile>
    <ClCompile Include="src\SoundEffectComponent.cpp">
      <Filter>Src\Component</Filter>
    </ClCompile>
    <ClCompile Include="src\SoundBankComponent.cpp">
      <Filter>Src\Component</Filter>
    </ClCompile>
    <ClCompile Include="src\UIRenderService.cpp">
      <Filter>Src\Service</Filter>
    </ClCompile>
    <ClCompile Include="src\UISpriteComponent.cpp">
      <Filter>Src\Component</Filter>
    </ClCompile>
    <ClCompile Include="src\UITextComponent.cpp">
      <Filter>Src\Component</Filter>
    </ClCompile>
    <ClCompile Include="src\UIButtonComponent.cpp">
      <Filter>Src\Component</Filter>
    </ClCompile>
  </ItemGroup>
</Project>